
Microsoft Visual Studio Solution File, Format Version 12.00
# Visual Studio 2013
VisualStudioVersion = 12.0.40629.0
MinimumVisualStudioVersion = 10.0.40219.1
Project("{FAE04EC0-301F-11D3-BF4B-00C04F79EFBC}") = "StoreCredentials", "StoreCredentials\StoreCredentials.csproj", "{39F7BCA7-D6B2-40D6-863A-9C712421A297}"
EndProject
Project("{FAE04EC0-301F-11D3-BF4B-00C04F79EFBC}") = "StoreCredentials.iOS", "iOS\StoreCredentials.iOS.csproj", "{0366472A-80F1-41ED-BD2C-8F3A3D0E7662}"
EndProject
Project("{FAE04EC0-301F-11D3-BF4B-00C04F79EFBC}") = "StoreCredentials.Droid", "Droid\StoreCredentials.Droid.csproj", "{34025984-011D-4FB1-B406-A7286304BABF}"
EndProject
Project("{FAE04EC0-301F-11D3-BF4B-00C04F79EFBC}") = "StoreCredentials.WindowsPhoneSL", "WindowsPhoneSL\StoreCredentials.WindowsPhoneSL\StoreCredentials.WindowsPhoneSL.csproj", "{A2CF2362-633D-4D59-B708-6E9EFD6E2019}"
EndProject
Global
	GlobalSection(SolutionConfigurationPlatforms) = preSolution
		Debug|Any CPU = Debug|Any CPU
		Debug|ARM = Debug|ARM
		Debug|iPhone = Debug|iPhone
		Debug|iPhoneSimulator = Debug|iPhoneSimulator
		Debug|Mixed Platforms = Debug|Mixed Platforms
		Debug|x86 = Debug|x86
		Release|Any CPU = Release|Any CPU
		Release|ARM = Release|ARM
		Release|iPhone = Release|iPhone
		Release|iPhoneSimulator = Release|iPhoneSimulator
		Release|Mixed Platforms = Release|Mixed Platforms
		Release|x86 = Release|x86
	EndGlobalSection
	GlobalSection(ProjectConfigurationPlatforms) = postSolution
		{39F7BCA7-D6B2-40D6-863A-9C712421A297}.Debug|Any CPU.ActiveCfg = Debug|Any CPU
		{39F7BCA7-D6B2-40D6-863A-9C712421A297}.Debug|Any CPU.Build.0 = Debug|Any CPU
		{39F7BCA7-D6B2-40D6-863A-9C712421A297}.Debug|ARM.ActiveCfg = Debug|Any CPU
		{39F7BCA7-D6B2-40D6-863A-9C712421A297}.Debug|iPhone.ActiveCfg = Debug|Any CPU
		{39F7BCA7-D6B2-40D6-863A-9C712421A297}.Debug|iPhone.Build.0 = Debug|Any CPU
		{39F7BCA7-D6B2-40D6-863A-9C712421A297}.Debug|iPhoneSimulator.ActiveCfg = Debug|Any CPU
		{39F7BCA7-D6B2-40D6-863A-9C712421A297}.Debug|iPhoneSimulator.Build.0 = Debug|Any CPU
		{39F7BCA7-D6B2-40D6-863A-9C712421A297}.Debug|Mixed Platforms.ActiveCfg = Debug|Any CPU
		{39F7BCA7-D6B2-40D6-863A-9C712421A297}.Debug|Mixed Platforms.Build.0 = Debug|Any CPU
		{39F7BCA7-D6B2-40D6-863A-9C712421A297}.Debug|x86.ActiveCfg = Debug|Any CPU
		{39F7BCA7-D6B2-40D6-863A-9C712421A297}.Release|Any CPU.ActiveCfg = Release|Any CPU
		{39F7BCA7-D6B2-40D6-863A-9C712421A297}.Release|Any CPU.Build.0 = Release|Any CPU
		{39F7BCA7-D6B2-40D6-863A-9C712421A297}.Release|ARM.ActiveCfg = Release|Any CPU
		{39F7BCA7-D6B2-40D6-863A-9C712421A297}.Release|iPhone.ActiveCfg = Release|Any CPU
		{39F7BCA7-D6B2-40D6-863A-9C712421A297}.Release|iPhone.Build.0 = Release|Any CPU
		{39F7BCA7-D6B2-40D6-863A-9C712421A297}.Release|iPhoneSimulator.ActiveCfg = Release|Any CPU
		{39F7BCA7-D6B2-40D6-863A-9C712421A297}.Release|iPhoneSimulator.Build.0 = Release|Any CPU
		{39F7BCA7-D6B2-40D6-863A-9C712421A297}.Release|Mixed Platforms.ActiveCfg = Release|Any CPU
		{39F7BCA7-D6B2-40D6-863A-9C712421A297}.Release|Mixed Platforms.Build.0 = Release|Any CPU
		{39F7BCA7-D6B2-40D6-863A-9C712421A297}.Release|x86.ActiveCfg = Release|Any CPU
		{0366472A-80F1-41ED-BD2C-8F3A3D0E7662}.Debug|Any CPU.ActiveCfg = Debug|iPhoneSimulator
		{0366472A-80F1-41ED-BD2C-8F3A3D0E7662}.Debug|Any CPU.Build.0 = Debug|iPhoneSimulator
		{0366472A-80F1-41ED-BD2C-8F3A3D0E7662}.Debug|ARM.ActiveCfg = Debug|iPhone
		{0366472A-80F1-41ED-BD2C-8F3A3D0E7662}.Debug|iPhone.ActiveCfg = Debug|iPhone
		{0366472A-80F1-41ED-BD2C-8F3A3D0E7662}.Debug|iPhone.Build.0 = Debug|iPhone
		{0366472A-80F1-41ED-BD2C-8F3A3D0E7662}.Debug|iPhoneSimulator.ActiveCfg = Debug|iPhoneSimulator
		{0366472A-80F1-41ED-BD2C-8F3A3D0E7662}.Debug|iPhoneSimulator.Build.0 = Debug|iPhoneSimulator
		{0366472A-80F1-41ED-BD2C-8F3A3D0E7662}.Debug|Mixed Platforms.ActiveCfg = Debug|iPhone
		{0366472A-80F1-41ED-BD2C-8F3A3D0E7662}.Debug|Mixed Platforms.Build.0 = Debug|iPhone
		{0366472A-80F1-41ED-BD2C-8F3A3D0E7662}.Debug|x86.ActiveCfg = Debug|iPhone
		{0366472A-80F1-41ED-BD2C-8F3A3D0E7662}.Release|Any CPU.ActiveCfg = Release|iPhone
		{0366472A-80F1-41ED-BD2C-8F3A3D0E7662}.Release|Any CPU.Build.0 = Release|iPhone
		{0366472A-80F1-41ED-BD2C-8F3A3D0E7662}.Release|ARM.ActiveCfg = Release|iPhoneSimulator
		{0366472A-80F1-41ED-BD2C-8F3A3D0E7662}.Release|iPhone.ActiveCfg = Release|iPhone
		{0366472A-80F1-41ED-BD2C-8F3A3D0E7662}.Release|iPhone.Build.0 = Release|iPhone
		{0366472A-80F1-41ED-BD2C-8F3A3D0E7662}.Release|iPhoneSimulator.ActiveCfg = Release|iPhoneSimulator
		{0366472A-80F1-41ED-BD2C-8F3A3D0E7662}.Release|iPhoneSimulator.Build.0 = Release|iPhoneSimulator
		{0366472A-80F1-41ED-BD2C-8F3A3D0E7662}.Release|Mixed Platforms.ActiveCfg = Release|iPhoneSimulator
		{0366472A-80F1-41ED-BD2C-8F3A3D0E7662}.Release|Mixed Platforms.Build.0 = Release|iPhoneSimulator
		{0366472A-80F1-41ED-BD2C-8F3A3D0E7662}.Release|x86.ActiveCfg = Release|iPhoneSimulator
		{34025984-011D-4FB1-B406-A7286304BABF}.Debug|Any CPU.ActiveCfg = Debug|Any CPU
		{34025984-011D-4FB1-B406-A7286304BABF}.Debug|Any CPU.Build.0 = Debug|Any CPU
		{34025984-011D-4FB1-B406-A7286304BABF}.Debug|ARM.ActiveCfg = Debug|Any CPU
		{34025984-011D-4FB1-B406-A7286304BABF}.Debug|iPhone.ActiveCfg = Debug|Any CPU
		{34025984-011D-4FB1-B406-A7286304BABF}.Debug|iPhone.Build.0 = Debug|Any CPU
		{34025984-011D-4FB1-B406-A7286304BABF}.Debug|iPhoneSimulator.ActiveCfg = Debug|Any CPU
		{34025984-011D-4FB1-B406-A7286304BABF}.Debug|iPhoneSimulator.Build.0 = Debug|Any CPU
		{34025984-011D-4FB1-B406-A7286304BABF}.Debug|Mixed Platforms.ActiveCfg = Debug|Any CPU
		{34025984-011D-4FB1-B406-A7286304BABF}.Debug|Mixed Platforms.Build.0 = Debug|Any CPU
		{34025984-011D-4FB1-B406-A7286304BABF}.Debug|Mixed Platforms.Deploy.0 = Debug|Any CPU
		{34025984-011D-4FB1-B406-A7286304BABF}.Debug|x86.ActiveCfg = Debug|Any CPU
		{34025984-011D-4FB1-B406-A7286304BABF}.Release|Any CPU.ActiveCfg = Release|Any CPU
		{34025984-011D-4FB1-B406-A7286304BABF}.Release|Any CPU.Build.0 = Release|Any CPU
		{34025984-011D-4FB1-B406-A7286304BABF}.Release|ARM.ActiveCfg = Release|Any CPU
		{34025984-011D-4FB1-B406-A7286304BABF}.Release|iPhone.ActiveCfg = Release|Any CPU
		{34025984-011D-4FB1-B406-A7286304BABF}.Release|iPhone.Build.0 = Release|Any CPU
		{34025984-011D-4FB1-B406-A7286304BABF}.Release|iPhoneSimulator.ActiveCfg = Release|Any CPU
		{34025984-011D-4FB1-B406-A7286304BABF}.Release|iPhoneSimulator.Build.0 = Release|Any CPU
		{34025984-011D-4FB1-B406-A7286304BABF}.Release|Mixed Platforms.ActiveCfg = Release|Any CPU
		{34025984-011D-4FB1-B406-A7286304BABF}.Release|Mixed Platforms.Build.0 = Release|Any CPU
		{34025984-011D-4FB1-B406-A7286304BABF}.Release|Mixed Platforms.Deploy.0 = Release|Any CPU
		{34025984-011D-4FB1-B406-A7286304BABF}.Release|x86.ActiveCfg = Release|Any CPU
		{A2CF2362-633D-4D59-B708-6E9EFD6E2019}.Debug|Any CPU.ActiveCfg = Debug|Any CPU
		{A2CF2362-633D-4D59-B708-6E9EFD6E2019}.Debug|Any CPU.Build.0 = Debug|Any CPU
		{A2CF2362-633D-4D59-B708-6E9EFD6E2019}.Debug|Any CPU.Deploy.0 = Debug|Any CPU
		{A2CF2362-633D-4D59-B708-6E9EFD6E2019}.Debug|ARM.ActiveCfg = Debug|ARM
		{A2CF2362-633D-4D59-B708-6E9EFD6E2019}.Debug|ARM.Build.0 = Debug|ARM
		{A2CF2362-633D-4D59-B708-6E9EFD6E2019}.Debug|ARM.Deploy.0 = Debug|ARM
		{A2CF2362-633D-4D59-B708-6E9EFD6E2019}.Debug|iPhone.ActiveCfg = Debug|Any CPU
		{A2CF2362-633D-4D59-B708-6E9EFD6E2019}.Debug|iPhoneSimulator.ActiveCfg = Debug|Any CPU
		{A2CF2362-633D-4D59-B708-6E9EFD6E2019}.Debug|Mixed Platforms.ActiveCfg = Debug|x86
		{A2CF2362-633D-4D59-B708-6E9EFD6E2019}.Debug|Mixed Platforms.Build.0 = Debug|x86
		{A2CF2362-633D-4D59-B708-6E9EFD6E2019}.Debug|Mixed Platforms.Deploy.0 = Debug|x86
		{A2CF2362-633D-4D59-B708-6E9EFD6E2019}.Debug|x86.ActiveCfg = Debug|x86
		{A2CF2362-633D-4D59-B708-6E9EFD6E2019}.Debug|x86.Build.0 = Debug|x86
		{A2CF2362-633D-4D59-B708-6E9EFD6E2019}.Debug|x86.Deploy.0 = Debug|x86
		{A2CF2362-633D-4D59-B708-6E9EFD6E2019}.Release|Any CPU.ActiveCfg = Release|Any CPU
		{A2CF2362-633D-4D59-B708-6E9EFD6E2019}.Release|Any CPU.Build.0 = Release|Any CPU
		{A2CF2362-633D-4D59-B708-6E9EFD6E2019}.Release|Any CPU.Deploy.0 = Release|Any CPU
		{A2CF2362-633D-4D59-B708-6E9EFD6E2019}.Release|ARM.ActiveCfg = Release|ARM
		{A2CF2362-633D-4D59-B708-6E9EFD6E2019}.Release|ARM.Build.0 = Release|ARM
		{A2CF2362-633D-4D59-B708-6E9EFD6E2019}.Release|ARM.Deploy.0 = Release|ARM
		{A2CF2362-633D-4D59-B708-6E9EFD6E2019}.Release|iPhone.ActiveCfg = Release|Any CPU
		{A2CF2362-633D-4D59-B708-6E9EFD6E2019}.Release|iPhoneSimulator.ActiveCfg = Release|Any CPU
		{A2CF2362-633D-4D59-B708-6E9EFD6E2019}.Release|Mixed Platforms.ActiveCfg = Release|x86
		{A2CF2362-633D-4D59-B708-6E9EFD6E2019}.Release|Mixed Platforms.Build.0 = Release|x86
		{A2CF2362-633D-4D59-B708-6E9EFD6E2019}.Release|Mixed Platforms.Deploy.0 = Release|x86
		{A2CF2362-633D-4D59-B708-6E9EFD6E2019}.Release|x86.ActiveCfg = Release|x86
		{A2CF2362-633D-4D59-B708-6E9EFD6E2019}.Release|x86.Build.0 = Release|x86
		{A2CF2362-633D-4D59-B708-6E9EFD6E2019}.Release|x86.Deploy.0 = Release|x86
	EndGlobalSection
	GlobalSection(SolutionProperties) = preSolution
		HideSolutionNode = FALSE
	EndGlobalSection
EndGlobal
