
Microsoft Visual Studio Solution File, Format Version 11.00
# Visual Studio 2010
Project("{FAE04EC0-301F-11D3-BF4B-00C04F79EFBC}") = "HelloMusic", "HelloMusic\HelloMusic.csproj", "{6AD1168D-B50A-4D63-95AA-0227FAE97CC7}"
EndProject
Global
	GlobalSection(SolutionConfigurationPlatforms) = preSolution
		Debug|iPhoneSimulator = Debug|iPhoneSimulator
		Release|iPhoneSimulator = Release|iPhoneSimulator
		Debug|iPhone = Debug|iPhone
		Release|iPhone = Release|iPhone
		Ad-Hoc|iPhone = Ad-Hoc|iPhone
		AppStore|iPhone = AppStore|iPhone
	EndGlobalSection
	GlobalSection(ProjectConfigurationPlatforms) = postSolution
		{6AD1168D-B50A-4D63-95AA-0227FAE97CC7}.Ad-Hoc|iPhone.ActiveCfg = Ad-Hoc|iPhone
		{6AD1168D-B50A-4D63-95AA-0227FAE97CC7}.Ad-Hoc|iPhone.Build.0 = Ad-Hoc|iPhone
		{6AD1168D-B50A-4D63-95AA-0227FAE97CC7}.AppStore|iPhone.ActiveCfg = AppStore|iPhone
		{6AD1168D-B50A-4D63-95AA-0227FAE97CC7}.AppStore|iPhone.Build.0 = AppStore|iPhone
		{6AD1168D-B50A-4D63-95AA-0227FAE97CC7}.Debug|iPhone.ActiveCfg = Debug|iPhone
		{6AD1168D-B50A-4D63-95AA-0227FAE97CC7}.Debug|iPhone.Build.0 = Debug|iPhone
		{6AD1168D-B50A-4D63-95AA-0227FAE97CC7}.Debug|iPhoneSimulator.ActiveCfg = Debug|iPhoneSimulator
		{6AD1168D-B50A-4D63-95AA-0227FAE97CC7}.Debug|iPhoneSimulator.Build.0 = Debug|iPhoneSimulator
		{6AD1168D-B50A-4D63-95AA-0227FAE97CC7}.Release|iPhone.ActiveCfg = Release|iPhone
		{6AD1168D-B50A-4D63-95AA-0227FAE97CC7}.Release|iPhone.Build.0 = Release|iPhone
		{6AD1168D-B50A-4D63-95AA-0227FAE97CC7}.Release|iPhoneSimulator.ActiveCfg = Release|iPhoneSimulator
		{6AD1168D-B50A-4D63-95AA-0227FAE97CC7}.Release|iPhoneSimulator.Build.0 = Release|iPhoneSimulator
	EndGlobalSection
	GlobalSection(MonoDevelopProperties) = preSolution
		StartupItem = HelloMusic\HelloMusic.csproj
	EndGlobalSection
EndGlobal
