
Microsoft Visual Studio Solution File, Format Version 11.00
# Visual Studio 2010
Project("{FAE04EC0-301F-11D3-BF4B-00C04F79EFBC}") = "TextureViewCameraStream", "TextureViewCameraStream\TextureViewCameraStream.csproj", "{3363069E-CD94-4745-8ADD-107A1566D9FA}"
EndProject
Global
	GlobalSection(SolutionConfigurationPlatforms) = preSolution
		Debug|Any CPU = Debug|Any CPU
		Release|Any CPU = Release|Any CPU
	EndGlobalSection
	GlobalSection(ProjectConfigurationPlatforms) = postSolution
		{3363069E-CD94-4745-8ADD-107A1566D9FA}.Debug|Any CPU.ActiveCfg = Debug|Any CPU
		{3363069E-CD94-4745-8ADD-107A1566D9FA}.Debug|Any CPU.Build.0 = Debug|Any CPU
		{3363069E-CD94-4745-8ADD-107A1566D9FA}.Release|Any CPU.ActiveCfg = Release|Any CPU
		{3363069E-CD94-4745-8ADD-107A1566D9FA}.Release|Any CPU.Build.0 = Release|Any CPU
	EndGlobalSection
	GlobalSection(MonoDevelopProperties) = preSolution
		StartupItem = TextureViewCameraStream\TextureViewCameraStream.csproj
	EndGlobalSection
EndGlobal
