
Microsoft Visual Studio Solution File, Format Version 11.00
# Visual Studio 2010
Project("{FAE04EC0-301F-11D3-BF4B-00C04F79EFBC}") = "CollectionViewZoom", "CollectionViewZoom\CollectionViewZoom.csproj", "{C889AD0F-0C14-417D-A5C3-60981D705EC7}"
EndProject
Global
	GlobalSection(SolutionConfigurationPlatforms) = preSolution
		Debug|iPhoneSimulator = Debug|iPhoneSimulator
		Release|iPhoneSimulator = Release|iPhoneSimulator
		Debug|iPhone = Debug|iPhone
		Release|iPhone = Release|iPhone
		Ad-Hoc|iPhone = Ad-Hoc|iPhone
		AppStore|iPhone = AppStore|iPhone
	EndGlobalSection
	GlobalSection(ProjectConfigurationPlatforms) = postSolution
		{C889AD0F-0C14-417D-A5C3-60981D705EC7}.Ad-Hoc|iPhone.ActiveCfg = Ad-Hoc|iPhone
		{C889AD0F-0C14-417D-A5C3-60981D705EC7}.Ad-Hoc|iPhone.Build.0 = Ad-Hoc|iPhone
		{C889AD0F-0C14-417D-A5C3-60981D705EC7}.AppStore|iPhone.ActiveCfg = AppStore|iPhone
		{C889AD0F-0C14-417D-A5C3-60981D705EC7}.AppStore|iPhone.Build.0 = AppStore|iPhone
		{C889AD0F-0C14-417D-A5C3-60981D705EC7}.Debug|iPhone.ActiveCfg = Debug|iPhone
		{C889AD0F-0C14-417D-A5C3-60981D705EC7}.Debug|iPhone.Build.0 = Debug|iPhone
		{C889AD0F-0C14-417D-A5C3-60981D705EC7}.Debug|iPhoneSimulator.ActiveCfg = Debug|iPhoneSimulator
		{C889AD0F-0C14-417D-A5C3-60981D705EC7}.Debug|iPhoneSimulator.Build.0 = Debug|iPhoneSimulator
		{C889AD0F-0C14-417D-A5C3-60981D705EC7}.Release|iPhone.ActiveCfg = Release|iPhone
		{C889AD0F-0C14-417D-A5C3-60981D705EC7}.Release|iPhone.Build.0 = Release|iPhone
		{C889AD0F-0C14-417D-A5C3-60981D705EC7}.Release|iPhoneSimulator.ActiveCfg = Release|iPhoneSimulator
		{C889AD0F-0C14-417D-A5C3-60981D705EC7}.Release|iPhoneSimulator.Build.0 = Release|iPhoneSimulator
	EndGlobalSection
	GlobalSection(MonoDevelopProperties) = preSolution
		StartupItem = CollectionViewZoom\CollectionViewZoom.csproj
	EndGlobalSection
EndGlobal
