
Microsoft Visual Studio Solution File, Format Version 11.00
# Visual Studio 2010
Project("{FAE04EC0-301F-11D3-BF4B-00C04F79EFBC}") = "SelectDate", "SelectDate\SelectDate.csproj", "{FE885B78-DB68-40BF-AF45-9219EA80E744}"
EndProject
Global
	GlobalSection(SolutionConfigurationPlatforms) = preSolution
		Debug|Any CPU = Debug|Any CPU
		Release|Any CPU = Release|Any CPU
	EndGlobalSection
	GlobalSection(ProjectConfigurationPlatforms) = postSolution
		{FE885B78-DB68-40BF-AF45-9219EA80E744}.Debug|Any CPU.ActiveCfg = Debug|Any CPU
		{FE885B78-DB68-40BF-AF45-9219EA80E744}.Debug|Any CPU.Build.0 = Debug|Any CPU
		{FE885B78-DB68-40BF-AF45-9219EA80E744}.Release|Any CPU.ActiveCfg = Release|Any CPU
		{FE885B78-DB68-40BF-AF45-9219EA80E744}.Release|Any CPU.Build.0 = Release|Any CPU
	EndGlobalSection
	GlobalSection(MonoDevelopProperties) = preSolution
		StartupItem = SelectDate\SelectDate.csproj
	EndGlobalSection
EndGlobal
