
Microsoft Visual Studio Solution File, Format Version 12.00
# Visual Studio 14
VisualStudioVersion = 14.0.24720.0
MinimumVisualStudioVersion = 10.0.40219.1
Project("{FAE04EC0-301F-11D3-BF4B-00C04F79EFBC}") = "ReverseGeocode", "ReverseGeocode\ReverseGeocode.csproj", "{37663AE4-1F4B-48F1-BF7F-BB033B9EDC57}"
EndProject
Project("{FAE04EC0-301F-11D3-BF4B-00C04F79EFBC}") = "ReverseGeocode.iOS", "iOS\ReverseGeocode.iOS.csproj", "{41DEB3C9-C5EB-432A-85C7-C0D14310992D}"
EndProject
Project("{FAE04EC0-301F-11D3-BF4B-00C04F79EFBC}") = "ReverseGeocode.Droid", "Droid\ReverseGeocode.Droid.csproj", "{3B44C93A-1E98-4051-A944-ED1CDF647766}"
EndProject
Project("{FAE04EC0-301F-11D3-BF4B-00C04F79EFBC}") = "ReverseGeocode.UWP", "UWP\ReverseGeocode.UWP.csproj", "{908E01D7-0DAF-4A5D-AAF9-0541A2C19F77}"
EndProject
Global
	GlobalSection(SolutionConfigurationPlatforms) = preSolution
		Debug|Any CPU = Debug|Any CPU
		Debug|ARM = Debug|ARM
		Debug|iPhone = Debug|iPhone
		Debug|iPhoneSimulator = Debug|iPhoneSimulator
		Debug|x64 = Debug|x64
		Debug|x86 = Debug|x86
		Release|Any CPU = Release|Any CPU
		Release|ARM = Release|ARM
		Release|iPhone = Release|iPhone
		Release|iPhoneSimulator = Release|iPhoneSimulator
		Release|x64 = Release|x64
		Release|x86 = Release|x86
	EndGlobalSection
	GlobalSection(ProjectConfigurationPlatforms) = postSolution
		{37663AE4-1F4B-48F1-BF7F-BB033B9EDC57}.Debug|Any CPU.ActiveCfg = Debug|Any CPU
		{37663AE4-1F4B-48F1-BF7F-BB033B9EDC57}.Debug|Any CPU.Build.0 = Debug|Any CPU
		{37663AE4-1F4B-48F1-BF7F-BB033B9EDC57}.Debug|ARM.ActiveCfg = Debug|Any CPU
		{37663AE4-1F4B-48F1-BF7F-BB033B9EDC57}.Debug|ARM.Build.0 = Debug|Any CPU
		{37663AE4-1F4B-48F1-BF7F-BB033B9EDC57}.Debug|iPhone.ActiveCfg = Debug|Any CPU
		{37663AE4-1F4B-48F1-BF7F-BB033B9EDC57}.Debug|iPhone.Build.0 = Debug|Any CPU
		{37663AE4-1F4B-48F1-BF7F-BB033B9EDC57}.Debug|iPhoneSimulator.ActiveCfg = Debug|Any CPU
		{37663AE4-1F4B-48F1-BF7F-BB033B9EDC57}.Debug|iPhoneSimulator.Build.0 = Debug|Any CPU
		{37663AE4-1F4B-48F1-BF7F-BB033B9EDC57}.Debug|x64.ActiveCfg = Debug|Any CPU
		{37663AE4-1F4B-48F1-BF7F-BB033B9EDC57}.Debug|x64.Build.0 = Debug|Any CPU
		{37663AE4-1F4B-48F1-BF7F-BB033B9EDC57}.Debug|x86.ActiveCfg = Debug|Any CPU
		{37663AE4-1F4B-48F1-BF7F-BB033B9EDC57}.Debug|x86.Build.0 = Debug|Any CPU
		{37663AE4-1F4B-48F1-BF7F-BB033B9EDC57}.Release|Any CPU.ActiveCfg = Release|Any CPU
		{37663AE4-1F4B-48F1-BF7F-BB033B9EDC57}.Release|Any CPU.Build.0 = Release|Any CPU
		{37663AE4-1F4B-48F1-BF7F-BB033B9EDC57}.Release|ARM.ActiveCfg = Release|Any CPU
		{37663AE4-1F4B-48F1-BF7F-BB033B9EDC57}.Release|ARM.Build.0 = Release|Any CPU
		{37663AE4-1F4B-48F1-BF7F-BB033B9EDC57}.Release|iPhone.ActiveCfg = Release|Any CPU
		{37663AE4-1F4B-48F1-BF7F-BB033B9EDC57}.Release|iPhone.Build.0 = Release|Any CPU
		{37663AE4-1F4B-48F1-BF7F-BB033B9EDC57}.Release|iPhoneSimulator.ActiveCfg = Release|Any CPU
		{37663AE4-1F4B-48F1-BF7F-BB033B9EDC57}.Release|iPhoneSimulator.Build.0 = Release|Any CPU
		{37663AE4-1F4B-48F1-BF7F-BB033B9EDC57}.Release|x64.ActiveCfg = Release|Any CPU
		{37663AE4-1F4B-48F1-BF7F-BB033B9EDC57}.Release|x64.Build.0 = Release|Any CPU
		{37663AE4-1F4B-48F1-BF7F-BB033B9EDC57}.Release|x86.ActiveCfg = Release|Any CPU
		{37663AE4-1F4B-48F1-BF7F-BB033B9EDC57}.Release|x86.Build.0 = Release|Any CPU
		{41DEB3C9-C5EB-432A-85C7-C0D14310992D}.Debug|Any CPU.ActiveCfg = Debug|iPhoneSimulator
		{41DEB3C9-C5EB-432A-85C7-C0D14310992D}.Debug|Any CPU.Build.0 = Debug|iPhoneSimulator
		{41DEB3C9-C5EB-432A-85C7-C0D14310992D}.Debug|ARM.ActiveCfg = Debug|iPhone
		{41DEB3C9-C5EB-432A-85C7-C0D14310992D}.Debug|iPhone.ActiveCfg = Debug|iPhone
		{41DEB3C9-C5EB-432A-85C7-C0D14310992D}.Debug|iPhone.Build.0 = Debug|iPhone
		{41DEB3C9-C5EB-432A-85C7-C0D14310992D}.Debug|iPhoneSimulator.ActiveCfg = Debug|iPhoneSimulator
		{41DEB3C9-C5EB-432A-85C7-C0D14310992D}.Debug|iPhoneSimulator.Build.0 = Debug|iPhoneSimulator
		{41DEB3C9-C5EB-432A-85C7-C0D14310992D}.Debug|x64.ActiveCfg = Debug|iPhone
		{41DEB3C9-C5EB-432A-85C7-C0D14310992D}.Debug|x86.ActiveCfg = Debug|iPhone
		{41DEB3C9-C5EB-432A-85C7-C0D14310992D}.Release|Any CPU.ActiveCfg = Release|iPhone
		{41DEB3C9-C5EB-432A-85C7-C0D14310992D}.Release|Any CPU.Build.0 = Release|iPhone
		{41DEB3C9-C5EB-432A-85C7-C0D14310992D}.Release|ARM.ActiveCfg = Release|iPhoneSimulator
		{41DEB3C9-C5EB-432A-85C7-C0D14310992D}.Release|iPhone.ActiveCfg = Release|iPhone
		{41DEB3C9-C5EB-432A-85C7-C0D14310992D}.Release|iPhone.Build.0 = Release|iPhone
		{41DEB3C9-C5EB-432A-85C7-C0D14310992D}.Release|iPhoneSimulator.ActiveCfg = Release|iPhoneSimulator
		{41DEB3C9-C5EB-432A-85C7-C0D14310992D}.Release|iPhoneSimulator.Build.0 = Release|iPhoneSimulator
		{41DEB3C9-C5EB-432A-85C7-C0D14310992D}.Release|x64.ActiveCfg = Release|iPhoneSimulator
		{41DEB3C9-C5EB-432A-85C7-C0D14310992D}.Release|x86.ActiveCfg = Release|iPhoneSimulator
		{3B44C93A-1E98-4051-A944-ED1CDF647766}.Debug|Any CPU.ActiveCfg = Debug|Any CPU
		{3B44C93A-1E98-4051-A944-ED1CDF647766}.Debug|Any CPU.Build.0 = Debug|Any CPU
		{3B44C93A-1E98-4051-A944-ED1CDF647766}.Debug|ARM.ActiveCfg = Debug|Any CPU
		{3B44C93A-1E98-4051-A944-ED1CDF647766}.Debug|ARM.Build.0 = Debug|Any CPU
		{3B44C93A-1E98-4051-A944-ED1CDF647766}.Debug|ARM.Deploy.0 = Debug|Any CPU
		{3B44C93A-1E98-4051-A944-ED1CDF647766}.Debug|iPhone.ActiveCfg = Debug|Any CPU
		{3B44C93A-1E98-4051-A944-ED1CDF647766}.Debug|iPhone.Build.0 = Debug|Any CPU
		{3B44C93A-1E98-4051-A944-ED1CDF647766}.Debug|iPhoneSimulator.ActiveCfg = Debug|Any CPU
		{3B44C93A-1E98-4051-A944-ED1CDF647766}.Debug|iPhoneSimulator.Build.0 = Debug|Any CPU
		{3B44C93A-1E98-4051-A944-ED1CDF647766}.Debug|x64.ActiveCfg = Debug|Any CPU
		{3B44C93A-1E98-4051-A944-ED1CDF647766}.Debug|x64.Build.0 = Debug|Any CPU
		{3B44C93A-1E98-4051-A944-ED1CDF647766}.Debug|x64.Deploy.0 = Debug|Any CPU
		{3B44C93A-1E98-4051-A944-ED1CDF647766}.Debug|x86.ActiveCfg = Debug|Any CPU
		{3B44C93A-1E98-4051-A944-ED1CDF647766}.Debug|x86.Build.0 = Debug|Any CPU
		{3B44C93A-1E98-4051-A944-ED1CDF647766}.Debug|x86.Deploy.0 = Debug|Any CPU
		{3B44C93A-1E98-4051-A944-ED1CDF647766}.Release|Any CPU.ActiveCfg = Release|Any CPU
		{3B44C93A-1E98-4051-A944-ED1CDF647766}.Release|Any CPU.Build.0 = Release|Any CPU
		{3B44C93A-1E98-4051-A944-ED1CDF647766}.Release|ARM.ActiveCfg = Release|Any CPU
		{3B44C93A-1E98-4051-A944-ED1CDF647766}.Release|ARM.Build.0 = Release|Any CPU
		{3B44C93A-1E98-4051-A944-ED1CDF647766}.Release|ARM.Deploy.0 = Release|Any CPU
		{3B44C93A-1E98-4051-A944-ED1CDF647766}.Release|iPhone.ActiveCfg = Release|Any CPU
		{3B44C93A-1E98-4051-A944-ED1CDF647766}.Release|iPhone.Build.0 = Release|Any CPU
		{3B44C93A-1E98-4051-A944-ED1CDF647766}.Release|iPhoneSimulator.ActiveCfg = Release|Any CPU
		{3B44C93A-1E98-4051-A944-ED1CDF647766}.Release|iPhoneSimulator.Build.0 = Release|Any CPU
		{3B44C93A-1E98-4051-A944-ED1CDF647766}.Release|x64.ActiveCfg = Release|Any CPU
		{3B44C93A-1E98-4051-A944-ED1CDF647766}.Release|x64.Build.0 = Release|Any CPU
		{3B44C93A-1E98-4051-A944-ED1CDF647766}.Release|x64.Deploy.0 = Release|Any CPU
		{3B44C93A-1E98-4051-A944-ED1CDF647766}.Release|x86.ActiveCfg = Release|Any CPU
		{3B44C93A-1E98-4051-A944-ED1CDF647766}.Release|x86.Build.0 = Release|Any CPU
		{3B44C93A-1E98-4051-A944-ED1CDF647766}.Release|x86.Deploy.0 = Release|Any CPU
		{908E01D7-0DAF-4A5D-AAF9-0541A2C19F77}.Debug|Any CPU.ActiveCfg = Debug|x86
		{908E01D7-0DAF-4A5D-AAF9-0541A2C19F77}.Debug|Any CPU.Build.0 = Debug|x86
		{908E01D7-0DAF-4A5D-AAF9-0541A2C19F77}.Debug|Any CPU.Deploy.0 = Debug|x86
		{908E01D7-0DAF-4A5D-AAF9-0541A2C19F77}.Debug|ARM.ActiveCfg = Debug|ARM
		{908E01D7-0DAF-4A5D-AAF9-0541A2C19F77}.Debug|ARM.Build.0 = Debug|ARM
		{908E01D7-0DAF-4A5D-AAF9-0541A2C19F77}.Debug|ARM.Deploy.0 = Debug|ARM
		{908E01D7-0DAF-4A5D-AAF9-0541A2C19F77}.Debug|iPhone.ActiveCfg = Debug|x86
		{908E01D7-0DAF-4A5D-AAF9-0541A2C19F77}.Debug|iPhoneSimulator.ActiveCfg = Debug|x86
		{908E01D7-0DAF-4A5D-AAF9-0541A2C19F77}.Debug|x64.ActiveCfg = Debug|x64
		{908E01D7-0DAF-4A5D-AAF9-0541A2C19F77}.Debug|x64.Build.0 = Debug|x64
		{908E01D7-0DAF-4A5D-AAF9-0541A2C19F77}.Debug|x64.Deploy.0 = Debug|x64
		{908E01D7-0DAF-4A5D-AAF9-0541A2C19F77}.Debug|x86.ActiveCfg = Debug|x86
		{908E01D7-0DAF-4A5D-AAF9-0541A2C19F77}.Debug|x86.Build.0 = Debug|x86
		{908E01D7-0DAF-4A5D-AAF9-0541A2C19F77}.Debug|x86.Deploy.0 = Debug|x86
		{908E01D7-0DAF-4A5D-AAF9-0541A2C19F77}.Release|Any CPU.ActiveCfg = Release|x86
		{908E01D7-0DAF-4A5D-AAF9-0541A2C19F77}.Release|ARM.ActiveCfg = Release|ARM
		{908E01D7-0DAF-4A5D-AAF9-0541A2C19F77}.Release|ARM.Build.0 = Release|ARM
		{908E01D7-0DAF-4A5D-AAF9-0541A2C19F77}.Release|ARM.Deploy.0 = Release|ARM
		{908E01D7-0DAF-4A5D-AAF9-0541A2C19F77}.Release|iPhone.ActiveCfg = Release|x86
		{908E01D7-0DAF-4A5D-AAF9-0541A2C19F77}.Release|iPhoneSimulator.ActiveCfg = Release|x86
		{908E01D7-0DAF-4A5D-AAF9-0541A2C19F77}.Release|x64.ActiveCfg = Release|x64
		{908E01D7-0DAF-4A5D-AAF9-0541A2C19F77}.Release|x64.Build.0 = Release|x64
		{908E01D7-0DAF-4A5D-AAF9-0541A2C19F77}.Release|x64.Deploy.0 = Release|x64
		{908E01D7-0DAF-4A5D-AAF9-0541A2C19F77}.Release|x86.ActiveCfg = Release|x86
		{908E01D7-0DAF-4A5D-AAF9-0541A2C19F77}.Release|x86.Build.0 = Release|x86
		{908E01D7-0DAF-4A5D-AAF9-0541A2C19F77}.Release|x86.Deploy.0 = Release|x86
	EndGlobalSection
	GlobalSection(SolutionProperties) = preSolution
		HideSolutionNode = FALSE
	EndGlobalSection
EndGlobal
