
Microsoft Visual Studio Solution File, Format Version 11.00
# Visual Studio 2010
Project("{FAE04EC0-301F-11D3-BF4B-00C04F79EFBC}") = "MotionDetector", "MotionDetector\MotionDetector.csproj", "{38003442-C60B-4B69-9363-81049326B2B9}"
EndProject
Project("{2150E333-8FDC-42A3-9474-1A3956D46DE8}") = "Solution Items", "Solution Items", "{36DB5111-B87E-4702-9EDD-00D98C8708F2}"
	ProjectSection(SolutionItems) = preProject
		readme.md = readme.md
	EndProjectSection
EndProject
Global
	GlobalSection(SolutionConfigurationPlatforms) = preSolution
		Debug|Any CPU = Debug|Any CPU
		Release|Any CPU = Release|Any CPU
	EndGlobalSection
	GlobalSection(ProjectConfigurationPlatforms) = postSolution
		{38003442-C60B-4B69-9363-81049326B2B9}.Debug|Any CPU.ActiveCfg = Debug|Any CPU
		{38003442-C60B-4B69-9363-81049326B2B9}.Debug|Any CPU.Build.0 = Debug|Any CPU
		{38003442-C60B-4B69-9363-81049326B2B9}.Debug|Any CPU.Deploy.0 = Debug|Any CPU
		{38003442-C60B-4B69-9363-81049326B2B9}.Release|Any CPU.ActiveCfg = Release|Any CPU
		{38003442-C60B-4B69-9363-81049326B2B9}.Release|Any CPU.Build.0 = Release|Any CPU
		{38003442-C60B-4B69-9363-81049326B2B9}.Release|Any CPU.Deploy.0 = Release|Any CPU
	EndGlobalSection
	GlobalSection(SolutionProperties) = preSolution
		HideSolutionNode = FALSE
	EndGlobalSection
EndGlobal
