
Microsoft Visual Studio Solution File, Format Version 12.00
# Visual Studio 14
VisualStudioVersion = 14.0.23107.0
MinimumVisualStudioVersion = 10.0.40219.1
Project("{FAE04EC0-301F-11D3-BF4B-00C04F79EFBC}") = "Multiselect", "Multiselect\Multiselect.csproj", "{9233E573-A53A-4193-A36A-3DAF414355DD}"
EndProject
Project("{FAE04EC0-301F-11D3-BF4B-00C04F79EFBC}") = "Multiselect.iOS", "iOS\Multiselect.iOS.csproj", "{8010F04B-1E76-46BA-9721-DBD14FF41244}"
EndProject
Project("{FAE04EC0-301F-11D3-BF4B-00C04F79EFBC}") = "Multiselect.Droid", "Droid\Multiselect.Droid.csproj", "{AE9D939F-4582-484A-B3FC-71D6B7DE13E0}"
EndProject
Project("{FAE04EC0-301F-11D3-BF4B-00C04F79EFBC}") = "Mulitselect.WinPhone81", "WinPhone81\Mulitselect.WinPhone81.csproj", "{18629932-DFF9-44C0-8D84-288246391942}"
EndProject
Global
	GlobalSection(SolutionConfigurationPlatforms) = preSolution
		Debug|Any CPU = Debug|Any CPU
		Debug|ARM = Debug|ARM
		Debug|iPhone = Debug|iPhone
		Debug|iPhoneSimulator = Debug|iPhoneSimulator
		Debug|x86 = Debug|x86
		Release|Any CPU = Release|Any CPU
		Release|ARM = Release|ARM
		Release|iPhone = Release|iPhone
		Release|iPhoneSimulator = Release|iPhoneSimulator
		Release|x86 = Release|x86
	EndGlobalSection
	GlobalSection(ProjectConfigurationPlatforms) = postSolution
		{9233E573-A53A-4193-A36A-3DAF414355DD}.Debug|Any CPU.ActiveCfg = Debug|Any CPU
		{9233E573-A53A-4193-A36A-3DAF414355DD}.Debug|Any CPU.Build.0 = Debug|Any CPU
		{9233E573-A53A-4193-A36A-3DAF414355DD}.Debug|ARM.ActiveCfg = Debug|Any CPU
		{9233E573-A53A-4193-A36A-3DAF414355DD}.Debug|ARM.Build.0 = Debug|Any CPU
		{9233E573-A53A-4193-A36A-3DAF414355DD}.Debug|iPhone.ActiveCfg = Debug|Any CPU
		{9233E573-A53A-4193-A36A-3DAF414355DD}.Debug|iPhone.Build.0 = Debug|Any CPU
		{9233E573-A53A-4193-A36A-3DAF414355DD}.Debug|iPhoneSimulator.ActiveCfg = Debug|Any CPU
		{9233E573-A53A-4193-A36A-3DAF414355DD}.Debug|iPhoneSimulator.Build.0 = Debug|Any CPU
		{9233E573-A53A-4193-A36A-3DAF414355DD}.Debug|x86.ActiveCfg = Debug|Any CPU
		{9233E573-A53A-4193-A36A-3DAF414355DD}.Debug|x86.Build.0 = Debug|Any CPU
		{9233E573-A53A-4193-A36A-3DAF414355DD}.Release|Any CPU.ActiveCfg = Release|Any CPU
		{9233E573-A53A-4193-A36A-3DAF414355DD}.Release|Any CPU.Build.0 = Release|Any CPU
		{9233E573-A53A-4193-A36A-3DAF414355DD}.Release|ARM.ActiveCfg = Release|Any CPU
		{9233E573-A53A-4193-A36A-3DAF414355DD}.Release|ARM.Build.0 = Release|Any CPU
		{9233E573-A53A-4193-A36A-3DAF414355DD}.Release|iPhone.ActiveCfg = Release|Any CPU
		{9233E573-A53A-4193-A36A-3DAF414355DD}.Release|iPhone.Build.0 = Release|Any CPU
		{9233E573-A53A-4193-A36A-3DAF414355DD}.Release|iPhoneSimulator.ActiveCfg = Release|Any CPU
		{9233E573-A53A-4193-A36A-3DAF414355DD}.Release|iPhoneSimulator.Build.0 = Release|Any CPU
		{9233E573-A53A-4193-A36A-3DAF414355DD}.Release|x86.ActiveCfg = Release|Any CPU
		{9233E573-A53A-4193-A36A-3DAF414355DD}.Release|x86.Build.0 = Release|Any CPU
		{8010F04B-1E76-46BA-9721-DBD14FF41244}.Debug|Any CPU.ActiveCfg = Debug|iPhoneSimulator
		{8010F04B-1E76-46BA-9721-DBD14FF41244}.Debug|Any CPU.Build.0 = Debug|iPhoneSimulator
		{8010F04B-1E76-46BA-9721-DBD14FF41244}.Debug|ARM.ActiveCfg = Debug|iPhone
		{8010F04B-1E76-46BA-9721-DBD14FF41244}.Debug|iPhone.ActiveCfg = Debug|iPhone
		{8010F04B-1E76-46BA-9721-DBD14FF41244}.Debug|iPhone.Build.0 = Debug|iPhone
		{8010F04B-1E76-46BA-9721-DBD14FF41244}.Debug|iPhoneSimulator.ActiveCfg = Debug|iPhoneSimulator
		{8010F04B-1E76-46BA-9721-DBD14FF41244}.Debug|iPhoneSimulator.Build.0 = Debug|iPhoneSimulator
		{8010F04B-1E76-46BA-9721-DBD14FF41244}.Debug|x86.ActiveCfg = Debug|iPhone
		{8010F04B-1E76-46BA-9721-DBD14FF41244}.Release|Any CPU.ActiveCfg = Release|iPhone
		{8010F04B-1E76-46BA-9721-DBD14FF41244}.Release|Any CPU.Build.0 = Release|iPhone
		{8010F04B-1E76-46BA-9721-DBD14FF41244}.Release|ARM.ActiveCfg = Release|iPhoneSimulator
		{8010F04B-1E76-46BA-9721-DBD14FF41244}.Release|iPhone.ActiveCfg = Release|iPhone
		{8010F04B-1E76-46BA-9721-DBD14FF41244}.Release|iPhone.Build.0 = Release|iPhone
		{8010F04B-1E76-46BA-9721-DBD14FF41244}.Release|iPhoneSimulator.ActiveCfg = Release|iPhoneSimulator
		{8010F04B-1E76-46BA-9721-DBD14FF41244}.Release|iPhoneSimulator.Build.0 = Release|iPhoneSimulator
		{8010F04B-1E76-46BA-9721-DBD14FF41244}.Release|x86.ActiveCfg = Release|iPhoneSimulator
		{AE9D939F-4582-484A-B3FC-71D6B7DE13E0}.Debug|Any CPU.ActiveCfg = Debug|Any CPU
		{AE9D939F-4582-484A-B3FC-71D6B7DE13E0}.Debug|Any CPU.Build.0 = Debug|Any CPU
		{AE9D939F-4582-484A-B3FC-71D6B7DE13E0}.Debug|ARM.ActiveCfg = Debug|Any CPU
		{AE9D939F-4582-484A-B3FC-71D6B7DE13E0}.Debug|ARM.Build.0 = Debug|Any CPU
		{AE9D939F-4582-484A-B3FC-71D6B7DE13E0}.Debug|ARM.Deploy.0 = Debug|Any CPU
		{AE9D939F-4582-484A-B3FC-71D6B7DE13E0}.Debug|iPhone.ActiveCfg = Debug|Any CPU
		{AE9D939F-4582-484A-B3FC-71D6B7DE13E0}.Debug|iPhone.Build.0 = Debug|Any CPU
		{AE9D939F-4582-484A-B3FC-71D6B7DE13E0}.Debug|iPhoneSimulator.ActiveCfg = Debug|Any CPU
		{AE9D939F-4582-484A-B3FC-71D6B7DE13E0}.Debug|iPhoneSimulator.Build.0 = Debug|Any CPU
		{AE9D939F-4582-484A-B3FC-71D6B7DE13E0}.Debug|x86.ActiveCfg = Debug|Any CPU
		{AE9D939F-4582-484A-B3FC-71D6B7DE13E0}.Debug|x86.Build.0 = Debug|Any CPU
		{AE9D939F-4582-484A-B3FC-71D6B7DE13E0}.Debug|x86.Deploy.0 = Debug|Any CPU
		{AE9D939F-4582-484A-B3FC-71D6B7DE13E0}.Release|Any CPU.ActiveCfg = Release|Any CPU
		{AE9D939F-4582-484A-B3FC-71D6B7DE13E0}.Release|Any CPU.Build.0 = Release|Any CPU
		{AE9D939F-4582-484A-B3FC-71D6B7DE13E0}.Release|ARM.ActiveCfg = Release|Any CPU
		{AE9D939F-4582-484A-B3FC-71D6B7DE13E0}.Release|ARM.Build.0 = Release|Any CPU
		{AE9D939F-4582-484A-B3FC-71D6B7DE13E0}.Release|ARM.Deploy.0 = Release|Any CPU
		{AE9D939F-4582-484A-B3FC-71D6B7DE13E0}.Release|iPhone.ActiveCfg = Release|Any CPU
		{AE9D939F-4582-484A-B3FC-71D6B7DE13E0}.Release|iPhone.Build.0 = Release|Any CPU
		{AE9D939F-4582-484A-B3FC-71D6B7DE13E0}.Release|iPhoneSimulator.ActiveCfg = Release|Any CPU
		{AE9D939F-4582-484A-B3FC-71D6B7DE13E0}.Release|iPhoneSimulator.Build.0 = Release|Any CPU
		{AE9D939F-4582-484A-B3FC-71D6B7DE13E0}.Release|x86.ActiveCfg = Release|Any CPU
		{AE9D939F-4582-484A-B3FC-71D6B7DE13E0}.Release|x86.Build.0 = Release|Any CPU
		{AE9D939F-4582-484A-B3FC-71D6B7DE13E0}.Release|x86.Deploy.0 = Release|Any CPU
		{18629932-DFF9-44C0-8D84-288246391942}.Debug|Any CPU.ActiveCfg = Debug|Any CPU
		{18629932-DFF9-44C0-8D84-288246391942}.Debug|Any CPU.Build.0 = Debug|Any CPU
		{18629932-DFF9-44C0-8D84-288246391942}.Debug|Any CPU.Deploy.0 = Debug|Any CPU
		{18629932-DFF9-44C0-8D84-288246391942}.Debug|ARM.ActiveCfg = Debug|ARM
		{18629932-DFF9-44C0-8D84-288246391942}.Debug|ARM.Build.0 = Debug|ARM
		{18629932-DFF9-44C0-8D84-288246391942}.Debug|ARM.Deploy.0 = Debug|ARM
		{18629932-DFF9-44C0-8D84-288246391942}.Debug|iPhone.ActiveCfg = Debug|Any CPU
		{18629932-DFF9-44C0-8D84-288246391942}.Debug|iPhone.Build.0 = Debug|Any CPU
		{18629932-DFF9-44C0-8D84-288246391942}.Debug|iPhone.Deploy.0 = Debug|Any CPU
		{18629932-DFF9-44C0-8D84-288246391942}.Debug|iPhoneSimulator.ActiveCfg = Debug|Any CPU
		{18629932-DFF9-44C0-8D84-288246391942}.Debug|iPhoneSimulator.Build.0 = Debug|Any CPU
		{18629932-DFF9-44C0-8D84-288246391942}.Debug|iPhoneSimulator.Deploy.0 = Debug|Any CPU
		{18629932-DFF9-44C0-8D84-288246391942}.Debug|x86.ActiveCfg = Debug|x86
		{18629932-DFF9-44C0-8D84-288246391942}.Debug|x86.Build.0 = Debug|x86
		{18629932-DFF9-44C0-8D84-288246391942}.Debug|x86.Deploy.0 = Debug|x86
		{18629932-DFF9-44C0-8D84-288246391942}.Release|Any CPU.ActiveCfg = Release|Any CPU
		{18629932-DFF9-44C0-8D84-288246391942}.Release|Any CPU.Build.0 = Release|Any CPU
		{18629932-DFF9-44C0-8D84-288246391942}.Release|Any CPU.Deploy.0 = Release|Any CPU
		{18629932-DFF9-44C0-8D84-288246391942}.Release|ARM.ActiveCfg = Release|ARM
		{18629932-DFF9-44C0-8D84-288246391942}.Release|ARM.Build.0 = Release|ARM
		{18629932-DFF9-44C0-8D84-288246391942}.Release|ARM.Deploy.0 = Release|ARM
		{18629932-DFF9-44C0-8D84-288246391942}.Release|iPhone.ActiveCfg = Release|Any CPU
		{18629932-DFF9-44C0-8D84-288246391942}.Release|iPhone.Build.0 = Release|Any CPU
		{18629932-DFF9-44C0-8D84-288246391942}.Release|iPhone.Deploy.0 = Release|Any CPU
		{18629932-DFF9-44C0-8D84-288246391942}.Release|iPhoneSimulator.ActiveCfg = Release|Any CPU
		{18629932-DFF9-44C0-8D84-288246391942}.Release|iPhoneSimulator.Build.0 = Release|Any CPU
		{18629932-DFF9-44C0-8D84-288246391942}.Release|iPhoneSimulator.Deploy.0 = Release|Any CPU
		{18629932-DFF9-44C0-8D84-288246391942}.Release|x86.ActiveCfg = Release|x86
		{18629932-DFF9-44C0-8D84-288246391942}.Release|x86.Build.0 = Release|x86
		{18629932-DFF9-44C0-8D84-288246391942}.Release|x86.Deploy.0 = Release|x86
	EndGlobalSection
	GlobalSection(SolutionProperties) = preSolution
		HideSolutionNode = FALSE
	EndGlobalSection
EndGlobal
