
Microsoft Visual Studio Solution File, Format Version 11.00
# Visual Studio 2010
Project("{FAE04EC0-301F-11D3-BF4B-00C04F79EFBC}") = "SendSMS", "SendSMS\SendSMS.csproj", "{BBCF9534-94F3-4B1F-A098-A2DE555C0FA0}"
EndProject
Global
	GlobalSection(SolutionConfigurationPlatforms) = preSolution
		Debug|Any CPU = Debug|Any CPU
		Release|Any CPU = Release|Any CPU
	EndGlobalSection
	GlobalSection(ProjectConfigurationPlatforms) = postSolution
		{BBCF9534-94F3-4B1F-A098-A2DE555C0FA0}.Debug|Any CPU.ActiveCfg = Debug|Any CPU
		{BBCF9534-94F3-4B1F-A098-A2DE555C0FA0}.Debug|Any CPU.Build.0 = Debug|Any CPU
		{BBCF9534-94F3-4B1F-A098-A2DE555C0FA0}.Release|Any CPU.ActiveCfg = Release|Any CPU
		{BBCF9534-94F3-4B1F-A098-A2DE555C0FA0}.Release|Any CPU.Build.0 = Release|Any CPU
	EndGlobalSection
	GlobalSection(MonoDevelopProperties) = preSolution
		StartupItem = SendSMS\SendSMS.csproj
	EndGlobalSection
EndGlobal
