
Microsoft Visual Studio Solution File, Format Version 11.00
# Visual Studio 2010
Project("{FAE04EC0-301F-11D3-BF4B-00C04F79EFBC}") = "CreateDatabaseWithAdoNet", "CreateDatabaseWithAdoNet\CreateDatabaseWithAdoNet.csproj", "{15C2AF44-5A52-4578-8FED-CFF363020097}"
EndProject
Global
	GlobalSection(SolutionConfigurationPlatforms) = preSolution
		Debug|iPhoneSimulator = Debug|iPhoneSimulator
		Release|iPhoneSimulator = Release|iPhoneSimulator
		Debug|iPhone = Debug|iPhone
		Release|iPhone = Release|iPhone
		Ad-Hoc|iPhone = Ad-Hoc|iPhone
		AppStore|iPhone = AppStore|iPhone
	EndGlobalSection
	GlobalSection(ProjectConfigurationPlatforms) = postSolution
		{15C2AF44-5A52-4578-8FED-CFF363020097}.Ad-Hoc|iPhone.ActiveCfg = Ad-Hoc|iPhone
		{15C2AF44-5A52-4578-8FED-CFF363020097}.Ad-Hoc|iPhone.Build.0 = Ad-Hoc|iPhone
		{15C2AF44-5A52-4578-8FED-CFF363020097}.AppStore|iPhone.ActiveCfg = AppStore|iPhone
		{15C2AF44-5A52-4578-8FED-CFF363020097}.AppStore|iPhone.Build.0 = AppStore|iPhone
		{15C2AF44-5A52-4578-8FED-CFF363020097}.Debug|iPhone.ActiveCfg = Debug|iPhone
		{15C2AF44-5A52-4578-8FED-CFF363020097}.Debug|iPhone.Build.0 = Debug|iPhone
		{15C2AF44-5A52-4578-8FED-CFF363020097}.Debug|iPhoneSimulator.ActiveCfg = Debug|iPhoneSimulator
		{15C2AF44-5A52-4578-8FED-CFF363020097}.Debug|iPhoneSimulator.Build.0 = Debug|iPhoneSimulator
		{15C2AF44-5A52-4578-8FED-CFF363020097}.Release|iPhone.ActiveCfg = Release|iPhone
		{15C2AF44-5A52-4578-8FED-CFF363020097}.Release|iPhone.Build.0 = Release|iPhone
		{15C2AF44-5A52-4578-8FED-CFF363020097}.Release|iPhoneSimulator.ActiveCfg = Release|iPhoneSimulator
		{15C2AF44-5A52-4578-8FED-CFF363020097}.Release|iPhoneSimulator.Build.0 = Release|iPhoneSimulator
	EndGlobalSection
	GlobalSection(MonoDevelopProperties) = preSolution
		StartupItem = CreateDatabaseWithAdoNet\CreateDatabaseWithAdoNet.csproj
	EndGlobalSection
EndGlobal
