
Microsoft Visual Studio Solution File, Format Version 11.00
# Visual Studio 2010
Project("{FAE04EC0-301F-11D3-BF4B-00C04F79EFBC}") = "ReadGalleryImage", "ReadGalleryImage\ReadGalleryImage.csproj", "{B11938FD-B21F-419A-B469-E68DCD70FB68}"
EndProject
Global
	GlobalSection(SolutionConfigurationPlatforms) = preSolution
		Debug|Any CPU = Debug|Any CPU
		Release|Any CPU = Release|Any CPU
	EndGlobalSection
	GlobalSection(ProjectConfigurationPlatforms) = postSolution
		{B11938FD-B21F-419A-B469-E68DCD70FB68}.Debug|Any CPU.ActiveCfg = Debug|Any CPU
		{B11938FD-B21F-419A-B469-E68DCD70FB68}.Debug|Any CPU.Build.0 = Debug|Any CPU
		{B11938FD-B21F-419A-B469-E68DCD70FB68}.Release|Any CPU.ActiveCfg = Release|Any CPU
		{B11938FD-B21F-419A-B469-E68DCD70FB68}.Release|Any CPU.Build.0 = Release|Any CPU
	EndGlobalSection
	GlobalSection(MonoDevelopProperties) = preSolution
		StartupItem = ReadGalleryImage\ReadGalleryImage.csproj
	EndGlobalSection
EndGlobal
