
Microsoft Visual Studio Solution File, Format Version 11.00
# Visual Studio 2010
Project("{FAE04EC0-301F-11D3-BF4B-00C04F79EFBC}") = "RecordVideo", "RecordVideo\RecordVideo.csproj", "{79541CBD-627C-43C9-A72F-5124F43EB094}"
EndProject
Global
	GlobalSection(SolutionConfigurationPlatforms) = preSolution
		Debug|Any CPU = Debug|Any CPU
		Release|Any CPU = Release|Any CPU
	EndGlobalSection
	GlobalSection(ProjectConfigurationPlatforms) = postSolution
		{79541CBD-627C-43C9-A72F-5124F43EB094}.Debug|Any CPU.ActiveCfg = Debug|Any CPU
		{79541CBD-627C-43C9-A72F-5124F43EB094}.Debug|Any CPU.Build.0 = Debug|Any CPU
		{79541CBD-627C-43C9-A72F-5124F43EB094}.Release|Any CPU.ActiveCfg = Release|Any CPU
		{79541CBD-627C-43C9-A72F-5124F43EB094}.Release|Any CPU.Build.0 = Release|Any CPU
	EndGlobalSection
	GlobalSection(MonoDevelopProperties) = preSolution
		StartupItem = RecordVideo\RecordVideo.csproj
	EndGlobalSection
EndGlobal
