
Microsoft Visual Studio Solution File, Format Version 11.00
# Visual Studio 2010
Project("{FAE04EC0-301F-11D3-BF4B-00C04F79EFBC}") = "CreateDatabaseWithSqliteNet", "CreateDatabaseWithSqliteNet\CreateDatabaseWithSqliteNet.csproj", "{085E1A73-B4E5-45F7-97F6-26A7DBDE5D8E}"
EndProject
Global
	GlobalSection(SolutionConfigurationPlatforms) = preSolution
		Debug|iPhoneSimulator = Debug|iPhoneSimulator
		Release|iPhoneSimulator = Release|iPhoneSimulator
		Debug|iPhone = Debug|iPhone
		Release|iPhone = Release|iPhone
		Ad-Hoc|iPhone = Ad-Hoc|iPhone
		AppStore|iPhone = AppStore|iPhone
	EndGlobalSection
	GlobalSection(ProjectConfigurationPlatforms) = postSolution
		{085E1A73-B4E5-45F7-97F6-26A7DBDE5D8E}.Ad-Hoc|iPhone.ActiveCfg = Ad-Hoc|iPhone
		{085E1A73-B4E5-45F7-97F6-26A7DBDE5D8E}.Ad-Hoc|iPhone.Build.0 = Ad-Hoc|iPhone
		{085E1A73-B4E5-45F7-97F6-26A7DBDE5D8E}.AppStore|iPhone.ActiveCfg = AppStore|iPhone
		{085E1A73-B4E5-45F7-97F6-26A7DBDE5D8E}.AppStore|iPhone.Build.0 = AppStore|iPhone
		{085E1A73-B4E5-45F7-97F6-26A7DBDE5D8E}.Debug|iPhone.ActiveCfg = Debug|iPhone
		{085E1A73-B4E5-45F7-97F6-26A7DBDE5D8E}.Debug|iPhone.Build.0 = Debug|iPhone
		{085E1A73-B4E5-45F7-97F6-26A7DBDE5D8E}.Debug|iPhoneSimulator.ActiveCfg = Debug|iPhoneSimulator
		{085E1A73-B4E5-45F7-97F6-26A7DBDE5D8E}.Debug|iPhoneSimulator.Build.0 = Debug|iPhoneSimulator
		{085E1A73-B4E5-45F7-97F6-26A7DBDE5D8E}.Release|iPhone.ActiveCfg = Release|iPhone
		{085E1A73-B4E5-45F7-97F6-26A7DBDE5D8E}.Release|iPhone.Build.0 = Release|iPhone
		{085E1A73-B4E5-45F7-97F6-26A7DBDE5D8E}.Release|iPhoneSimulator.ActiveCfg = Release|iPhoneSimulator
		{085E1A73-B4E5-45F7-97F6-26A7DBDE5D8E}.Release|iPhoneSimulator.Build.0 = Release|iPhoneSimulator
	EndGlobalSection
	GlobalSection(MonoDevelopProperties) = preSolution
		StartupItem = CreateDatabaseWithSqliteNet\CreateDatabaseWithSqliteNet.csproj
	EndGlobalSection
EndGlobal
