
Microsoft Visual Studio Solution File, Format Version 11.00
# Visual Studio 2010
Project("{FAE04EC0-301F-11D3-BF4B-00C04F79EFBC}") = "AVPlayerDemo", "AVPlayerDemo\AVPlayerDemo.csproj", "{A69C6600-196C-43AF-9810-C272F4119F00}"
EndProject
Global
	GlobalSection(SolutionConfigurationPlatforms) = preSolution
		Debug|iPhoneSimulator = Debug|iPhoneSimulator
		Release|iPhoneSimulator = Release|iPhoneSimulator
		Debug|iPhone = Debug|iPhone
		Release|iPhone = Release|iPhone
	EndGlobalSection
	GlobalSection(ProjectConfigurationPlatforms) = postSolution
		{A69C6600-196C-43AF-9810-C272F4119F00}.Debug|iPhone.ActiveCfg = Debug|iPhone
		{A69C6600-196C-43AF-9810-C272F4119F00}.Debug|iPhone.Build.0 = Debug|iPhone
		{A69C6600-196C-43AF-9810-C272F4119F00}.Debug|iPhoneSimulator.ActiveCfg = Debug|iPhoneSimulator
		{A69C6600-196C-43AF-9810-C272F4119F00}.Debug|iPhoneSimulator.Build.0 = Debug|iPhoneSimulator
		{A69C6600-196C-43AF-9810-C272F4119F00}.Release|iPhone.ActiveCfg = Release|iPhone
		{A69C6600-196C-43AF-9810-C272F4119F00}.Release|iPhone.Build.0 = Release|iPhone
		{A69C6600-196C-43AF-9810-C272F4119F00}.Release|iPhoneSimulator.ActiveCfg = Release|iPhoneSimulator
		{A69C6600-196C-43AF-9810-C272F4119F00}.Release|iPhoneSimulator.Build.0 = Release|iPhoneSimulator
	EndGlobalSection
	GlobalSection(MonoDevelopProperties) = preSolution
		StartupItem = AVPlayerDemo\AVPlayerDemo.csproj
	EndGlobalSection
EndGlobal
