
Microsoft Visual Studio Solution File, Format Version 12.00
# Visual Studio 2012
Project("{FAE04EC0-301F-11D3-BF4B-00C04F79EFBC}") = "TestApp", "TestApp\TestApp.csproj", "{36A6CC66-B478-44DF-8F9C-F3FFCF85F81A}"
EndProject
Global
	GlobalSection(SolutionConfigurationPlatforms) = preSolution
		Debug|iPhoneSimulator = Debug|iPhoneSimulator
		Release|iPhone = Release|iPhone
		Release|iPhoneSimulator = Release|iPhoneSimulator
		Debug|iPhone = Debug|iPhone
	EndGlobalSection
	GlobalSection(ProjectConfigurationPlatforms) = postSolution
		{36A6CC66-B478-44DF-8F9C-F3FFCF85F81A}.Debug|iPhone.ActiveCfg = Debug|iPhone
		{36A6CC66-B478-44DF-8F9C-F3FFCF85F81A}.Debug|iPhone.Build.0 = Debug|iPhone
		{36A6CC66-B478-44DF-8F9C-F3FFCF85F81A}.Debug|iPhoneSimulator.ActiveCfg = Debug|iPhoneSimulator
		{36A6CC66-B478-44DF-8F9C-F3FFCF85F81A}.Debug|iPhoneSimulator.Build.0 = Debug|iPhoneSimulator
		{36A6CC66-B478-44DF-8F9C-F3FFCF85F81A}.Release|iPhone.ActiveCfg = Release|iPhone
		{36A6CC66-B478-44DF-8F9C-F3FFCF85F81A}.Release|iPhone.Build.0 = Release|iPhone
		{36A6CC66-B478-44DF-8F9C-F3FFCF85F81A}.Release|iPhoneSimulator.ActiveCfg = Release|iPhoneSimulator
		{36A6CC66-B478-44DF-8F9C-F3FFCF85F81A}.Release|iPhoneSimulator.Build.0 = Release|iPhoneSimulator
	EndGlobalSection
EndGlobal
