
Microsoft Visual Studio Solution File, Format Version 11.00
# Visual Studio 2010
Project("{FAE04EC0-301F-11D3-BF4B-00C04F79EFBC}") = "TabBar", "TabBar\TabBar.csproj", "{25D70BE0-777E-4980-90EE-F01D3A067532}"
EndProject
Global
	GlobalSection(SolutionConfigurationPlatforms) = preSolution
		Debug|iPhoneSimulator = Debug|iPhoneSimulator
		Release|iPhoneSimulator = Release|iPhoneSimulator
		Debug|iPhone = Debug|iPhone
		Release|iPhone = Release|iPhone
	EndGlobalSection
	GlobalSection(ProjectConfigurationPlatforms) = postSolution
		{25D70BE0-777E-4980-90EE-F01D3A067532}.Debug|iPhone.ActiveCfg = Debug|iPhone
		{25D70BE0-777E-4980-90EE-F01D3A067532}.Debug|iPhone.Build.0 = Debug|iPhone
		{25D70BE0-777E-4980-90EE-F01D3A067532}.Debug|iPhoneSimulator.ActiveCfg = Debug|iPhoneSimulator
		{25D70BE0-777E-4980-90EE-F01D3A067532}.Debug|iPhoneSimulator.Build.0 = Debug|iPhoneSimulator
		{25D70BE0-777E-4980-90EE-F01D3A067532}.Release|iPhone.ActiveCfg = Release|iPhone
		{25D70BE0-777E-4980-90EE-F01D3A067532}.Release|iPhone.Build.0 = Release|iPhone
		{25D70BE0-777E-4980-90EE-F01D3A067532}.Release|iPhoneSimulator.ActiveCfg = Release|iPhoneSimulator
		{25D70BE0-777E-4980-90EE-F01D3A067532}.Release|iPhoneSimulator.Build.0 = Release|iPhoneSimulator
	EndGlobalSection
EndGlobal
