
Microsoft Visual Studio Solution File, Format Version 12.00
# Visual Studio 2012
Project("{FAE04EC0-301F-11D3-BF4B-00C04F79EFBC}") = "AndroidWithComponent", "AndroidWithComponent\AndroidWithComponent.csproj", "{956F07B7-ABCE-40AF-BB34-5D0083ACF969}"
EndProject
Global
	GlobalSection(SolutionConfigurationPlatforms) = preSolution
		Debug|Any CPU = Debug|Any CPU
		Release|Any CPU = Release|Any CPU
	EndGlobalSection
	GlobalSection(ProjectConfigurationPlatforms) = postSolution
		{956F07B7-ABCE-40AF-BB34-5D0083ACF969}.Debug|Any CPU.ActiveCfg = Debug|Any CPU
		{956F07B7-ABCE-40AF-BB34-5D0083ACF969}.Debug|Any CPU.Build.0 = Debug|Any CPU
		{956F07B7-ABCE-40AF-BB34-5D0083ACF969}.Release|Any CPU.ActiveCfg = Release|Any CPU
		{956F07B7-ABCE-40AF-BB34-5D0083ACF969}.Release|Any CPU.Build.0 = Release|Any CPU
	EndGlobalSection
	GlobalSection(MonoDevelopProperties) = preSolution
		StartupItem = AndroidWithComponent\AndroidWithComponent.csproj
	EndGlobalSection
EndGlobal
