
Microsoft Visual Studio Solution File, Format Version 12.00
# Visual Studio 2012
Project("{FAE04EC0-301F-11D3-BF4B-00C04F79EFBC}") = "GetLocation", "GetLocation.csproj", "{AB5E6541-6DB4-43C9-A5D4-F3F4C1EDA65F}"
EndProject
Global
	GlobalSection(SolutionConfigurationPlatforms) = preSolution
		Debug|Any CPU = Debug|Any CPU
		Release|Any CPU = Release|Any CPU
	EndGlobalSection
	GlobalSection(ProjectConfigurationPlatforms) = postSolution
		{AB5E6541-6DB4-43C9-A5D4-F3F4C1EDA65F}.Debug|Any CPU.ActiveCfg = Debug|Any CPU
		{AB5E6541-6DB4-43C9-A5D4-F3F4C1EDA65F}.Debug|Any CPU.Build.0 = Debug|Any CPU
		{AB5E6541-6DB4-43C9-A5D4-F3F4C1EDA65F}.Debug|Any CPU.Deploy.0 = Debug|Any CPU
		{AB5E6541-6DB4-43C9-A5D4-F3F4C1EDA65F}.Release|Any CPU.ActiveCfg = Release|Any CPU
		{AB5E6541-6DB4-43C9-A5D4-F3F4C1EDA65F}.Release|Any CPU.Build.0 = Release|Any CPU
		{AB5E6541-6DB4-43C9-A5D4-F3F4C1EDA65F}.Release|Any CPU.Deploy.0 = Release|Any CPU
	EndGlobalSection
	GlobalSection(SolutionProperties) = preSolution
		HideSolutionNode = FALSE
	EndGlobalSection
EndGlobal
