
Microsoft Visual Studio Solution File, Format Version 12.00
# Visual Studio 2012
Project("{FAE04EC0-301F-11D3-BF4B-00C04F79EFBC}") = "WKUIDelegateDemo", "WKUIDelegateDemo\WKUIDelegateDemo.csproj", "{E0CE8EFA-0760-4AA4-B820-C9FEAF65C461}"
EndProject
Global
	GlobalSection(SolutionConfigurationPlatforms) = preSolution
		Debug|iPhoneSimulator = Debug|iPhoneSimulator
		Release|iPhone = Release|iPhone
		Release|iPhoneSimulator = Release|iPhoneSimulator
		Debug|iPhone = Debug|iPhone
	EndGlobalSection
	GlobalSection(ProjectConfigurationPlatforms) = postSolution
		{E0CE8EFA-0760-4AA4-B820-C9FEAF65C461}.Debug|iPhone.ActiveCfg = Debug|iPhone
		{E0CE8EFA-0760-4AA4-B820-C9FEAF65C461}.Debug|iPhone.Build.0 = Debug|iPhone
		{E0CE8EFA-0760-4AA4-B820-C9FEAF65C461}.Debug|iPhoneSimulator.ActiveCfg = Debug|iPhoneSimulator
		{E0CE8EFA-0760-4AA4-B820-C9FEAF65C461}.Debug|iPhoneSimulator.Build.0 = Debug|iPhoneSimulator
		{E0CE8EFA-0760-4AA4-B820-C9FEAF65C461}.Release|iPhone.ActiveCfg = Release|iPhone
		{E0CE8EFA-0760-4AA4-B820-C9FEAF65C461}.Release|iPhone.Build.0 = Release|iPhone
		{E0CE8EFA-0760-4AA4-B820-C9FEAF65C461}.Release|iPhoneSimulator.ActiveCfg = Release|iPhoneSimulator
		{E0CE8EFA-0760-4AA4-B820-C9FEAF65C461}.Release|iPhoneSimulator.Build.0 = Release|iPhoneSimulator
	EndGlobalSection
EndGlobal
