
Microsoft Visual Studio Solution File, Format Version 11.00
# Visual Studio 2010
Project("{FAE04EC0-301F-11D3-BF4B-00C04F79EFBC}") = "ArrayAdapterDemo", "ArrayAdapterDemo\ArrayAdapterDemo.csproj", "{7FBFA506-6508-465B-BC63-A26EAE6193CA}"
EndProject
Global
	GlobalSection(SolutionConfigurationPlatforms) = preSolution
		Debug|Any CPU = Debug|Any CPU
		Release|Any CPU = Release|Any CPU
	EndGlobalSection
	GlobalSection(ProjectConfigurationPlatforms) = postSolution
		{7FBFA506-6508-465B-BC63-A26EAE6193CA}.Debug|Any CPU.ActiveCfg = Debug|Any CPU
		{7FBFA506-6508-465B-BC63-A26EAE6193CA}.Debug|Any CPU.Build.0 = Debug|Any CPU
		{7FBFA506-6508-465B-BC63-A26EAE6193CA}.Release|Any CPU.ActiveCfg = Release|Any CPU
		{7FBFA506-6508-465B-BC63-A26EAE6193CA}.Release|Any CPU.Build.0 = Release|Any CPU
	EndGlobalSection
	GlobalSection(MonoDevelopProperties) = preSolution
		StartupItem = ArrayAdapterDemo\ArrayAdapterDemo.csproj
	EndGlobalSection
EndGlobal
