
Microsoft Visual Studio Solution File, Format Version 12.00
# Visual Studio 2012
Project("{FAE04EC0-301F-11D3-BF4B-00C04F79EFBC}") = "Unwind", "Unwind\Unwind.csproj", "{933D7423-24E0-4A57-8060-C71AA0D7EDE4}"
EndProject
Global
	GlobalSection(SolutionConfigurationPlatforms) = preSolution
		Debug|iPhoneSimulator = Debug|iPhoneSimulator
		Release|iPhoneSimulator = Release|iPhoneSimulator
		Debug|iPhone = Debug|iPhone
		Release|iPhone = Release|iPhone
		Ad-Hoc|iPhone = Ad-Hoc|iPhone
		AppStore|iPhone = AppStore|iPhone
	EndGlobalSection
	GlobalSection(ProjectConfigurationPlatforms) = postSolution
		{933D7423-24E0-4A57-8060-C71AA0D7EDE4}.Ad-Hoc|iPhone.ActiveCfg = Ad-Hoc|iPhone
		{933D7423-24E0-4A57-8060-C71AA0D7EDE4}.Ad-Hoc|iPhone.Build.0 = Ad-Hoc|iPhone
		{933D7423-24E0-4A57-8060-C71AA0D7EDE4}.AppStore|iPhone.ActiveCfg = AppStore|iPhone
		{933D7423-24E0-4A57-8060-C71AA0D7EDE4}.AppStore|iPhone.Build.0 = AppStore|iPhone
		{933D7423-24E0-4A57-8060-C71AA0D7EDE4}.Debug|iPhone.ActiveCfg = Debug|iPhone
		{933D7423-24E0-4A57-8060-C71AA0D7EDE4}.Debug|iPhone.Build.0 = Debug|iPhone
		{933D7423-24E0-4A57-8060-C71AA0D7EDE4}.Debug|iPhoneSimulator.ActiveCfg = Debug|iPhoneSimulator
		{933D7423-24E0-4A57-8060-C71AA0D7EDE4}.Debug|iPhoneSimulator.Build.0 = Debug|iPhoneSimulator
		{933D7423-24E0-4A57-8060-C71AA0D7EDE4}.Release|iPhone.ActiveCfg = Release|iPhone
		{933D7423-24E0-4A57-8060-C71AA0D7EDE4}.Release|iPhone.Build.0 = Release|iPhone
		{933D7423-24E0-4A57-8060-C71AA0D7EDE4}.Release|iPhoneSimulator.ActiveCfg = Release|iPhoneSimulator
		{933D7423-24E0-4A57-8060-C71AA0D7EDE4}.Release|iPhoneSimulator.Build.0 = Release|iPhoneSimulator
	EndGlobalSection
	GlobalSection(MonoDevelopProperties) = preSolution
		StartupItem = Unwind\Unwind.csproj
	EndGlobalSection
EndGlobal
