
Microsoft Visual Studio Solution File, Format Version 11.00
# Visual Studio 2010
Project("{FAE04EC0-301F-11D3-BF4B-00C04F79EFBC}") = "CoreMotion", "CoreMotion\CoreMotion.csproj", "{7EC69921-84C3-4724-9069-EC4760AC9C08}"
EndProject
Global
	GlobalSection(SolutionConfigurationPlatforms) = preSolution
		Debug|iPhoneSimulator = Debug|iPhoneSimulator
		Release|iPhoneSimulator = Release|iPhoneSimulator
		Debug|iPhone = Debug|iPhone
		Release|iPhone = Release|iPhone
		Ad-Hoc|iPhone = Ad-Hoc|iPhone
		AppStore|iPhone = AppStore|iPhone
	EndGlobalSection
	GlobalSection(ProjectConfigurationPlatforms) = postSolution
		{7EC69921-84C3-4724-9069-EC4760AC9C08}.Ad-Hoc|iPhone.ActiveCfg = Ad-Hoc|iPhone
		{7EC69921-84C3-4724-9069-EC4760AC9C08}.Ad-Hoc|iPhone.Build.0 = Ad-Hoc|iPhone
		{7EC69921-84C3-4724-9069-EC4760AC9C08}.AppStore|iPhone.ActiveCfg = AppStore|iPhone
		{7EC69921-84C3-4724-9069-EC4760AC9C08}.AppStore|iPhone.Build.0 = AppStore|iPhone
		{7EC69921-84C3-4724-9069-EC4760AC9C08}.Debug|iPhone.ActiveCfg = Debug|iPhone
		{7EC69921-84C3-4724-9069-EC4760AC9C08}.Debug|iPhone.Build.0 = Debug|iPhone
		{7EC69921-84C3-4724-9069-EC4760AC9C08}.Debug|iPhoneSimulator.ActiveCfg = Debug|iPhoneSimulator
		{7EC69921-84C3-4724-9069-EC4760AC9C08}.Debug|iPhoneSimulator.Build.0 = Debug|iPhoneSimulator
		{7EC69921-84C3-4724-9069-EC4760AC9C08}.Release|iPhone.ActiveCfg = Release|iPhone
		{7EC69921-84C3-4724-9069-EC4760AC9C08}.Release|iPhone.Build.0 = Release|iPhone
		{7EC69921-84C3-4724-9069-EC4760AC9C08}.Release|iPhoneSimulator.ActiveCfg = Release|iPhoneSimulator
		{7EC69921-84C3-4724-9069-EC4760AC9C08}.Release|iPhoneSimulator.Build.0 = Release|iPhoneSimulator
	EndGlobalSection
	GlobalSection(MonoDevelopProperties) = preSolution
		StartupItem = CoreMotion\CoreMotion.csproj
	EndGlobalSection
EndGlobal
