
Microsoft Visual Studio Solution File, Format Version 11.00
# Visual Studio 2010
Project("{FAE04EC0-301F-11D3-BF4B-00C04F79EFBC}") = "PlayVideo", "PlayVideo\PlayVideo.csproj", "{A78A119F-CA4A-4A94-89BA-FF9068F35DA4}"
EndProject
Global
	GlobalSection(SolutionConfigurationPlatforms) = preSolution
		Debug|Any CPU = Debug|Any CPU
		Release|Any CPU = Release|Any CPU
	EndGlobalSection
	GlobalSection(ProjectConfigurationPlatforms) = postSolution
		{A78A119F-CA4A-4A94-89BA-FF9068F35DA4}.Debug|Any CPU.ActiveCfg = Debug|Any CPU
		{A78A119F-CA4A-4A94-89BA-FF9068F35DA4}.Debug|Any CPU.Build.0 = Debug|Any CPU
		{A78A119F-CA4A-4A94-89BA-FF9068F35DA4}.Release|Any CPU.ActiveCfg = Release|Any CPU
		{A78A119F-CA4A-4A94-89BA-FF9068F35DA4}.Release|Any CPU.Build.0 = Release|Any CPU
	EndGlobalSection
	GlobalSection(MonoDevelopProperties) = preSolution
		StartupItem = PlayVideo\PlayVideo.csproj
	EndGlobalSection
EndGlobal
