
Microsoft Visual Studio Solution File, Format Version 12.00
# Visual Studio 2012
Project("{FAE04EC0-301F-11D3-BF4B-00C04F79EFBC}") = "ExplicitLayerAnimation", "ExplicitLayerAnimation\ExplicitLayerAnimation.csproj", "{AAA2F9DB-818B-4BD5-9571-A877DB2D7AD7}"
EndProject
Global
	GlobalSection(SolutionConfigurationPlatforms) = preSolution
		Debug|iPhoneSimulator = Debug|iPhoneSimulator
		Release|iPhone = Release|iPhone
		Release|iPhoneSimulator = Release|iPhoneSimulator
		Debug|iPhone = Debug|iPhone
		Debug|Any CPU = Debug|Any CPU
		Release|Any CPU = Release|Any CPU
	EndGlobalSection
	GlobalSection(ProjectConfigurationPlatforms) = postSolution
		{AAA2F9DB-818B-4BD5-9571-A877DB2D7AD7}.Debug|Any CPU.ActiveCfg = Debug|iPhoneSimulator
		{AAA2F9DB-818B-4BD5-9571-A877DB2D7AD7}.Debug|Any CPU.Build.0 = Debug|iPhoneSimulator
		{AAA2F9DB-818B-4BD5-9571-A877DB2D7AD7}.Debug|iPhone.ActiveCfg = Debug|iPhone
		{AAA2F9DB-818B-4BD5-9571-A877DB2D7AD7}.Debug|iPhone.Build.0 = Debug|iPhone
		{AAA2F9DB-818B-4BD5-9571-A877DB2D7AD7}.Debug|iPhoneSimulator.ActiveCfg = Debug|iPhoneSimulator
		{AAA2F9DB-818B-4BD5-9571-A877DB2D7AD7}.Debug|iPhoneSimulator.Build.0 = Debug|iPhoneSimulator
		{AAA2F9DB-818B-4BD5-9571-A877DB2D7AD7}.Release|Any CPU.ActiveCfg = Release|iPhone
		{AAA2F9DB-818B-4BD5-9571-A877DB2D7AD7}.Release|Any CPU.Build.0 = Release|iPhone
		{AAA2F9DB-818B-4BD5-9571-A877DB2D7AD7}.Release|iPhone.ActiveCfg = Release|iPhone
		{AAA2F9DB-818B-4BD5-9571-A877DB2D7AD7}.Release|iPhone.Build.0 = Release|iPhone
		{AAA2F9DB-818B-4BD5-9571-A877DB2D7AD7}.Release|iPhoneSimulator.ActiveCfg = Release|iPhoneSimulator
		{AAA2F9DB-818B-4BD5-9571-A877DB2D7AD7}.Release|iPhoneSimulator.Build.0 = Release|iPhoneSimulator
	EndGlobalSection
EndGlobal
