
Microsoft Visual Studio Solution File, Format Version 12.00
# Visual Studio 2012
Project("{FAE04EC0-301F-11D3-BF4B-00C04F79EFBC}") = "CoreSpotlightSearch", "CoreSpotlightSearch\CoreSpotlightSearch.csproj", "{9ECDE5C5-FFD6-495F-9DBE-3FCD773152F1}"
EndProject
Project("{FAE04EC0-301F-11D3-BF4B-00C04F79EFBC}") = "CoreSpotlightSearch.iOS", "iOS\CoreSpotlightSearch.iOS.csproj", "{2F5E8483-B5D0-4F3B-9C1F-C7B3CCF88D4B}"
EndProject
Global
	GlobalSection(SolutionConfigurationPlatforms) = preSolution
		Debug|Any CPU = Debug|Any CPU
		Release|Any CPU = Release|Any CPU
		Debug|iPhoneSimulator = Debug|iPhoneSimulator
		Release|iPhone = Release|iPhone
		Release|iPhoneSimulator = Release|iPhoneSimulator
		Debug|iPhone = Debug|iPhone
	EndGlobalSection
	GlobalSection(ProjectConfigurationPlatforms) = postSolution
		{2F5E8483-B5D0-4F3B-9C1F-C7B3CCF88D4B}.Debug|Any CPU.ActiveCfg = Debug|iPhoneSimulator
		{2F5E8483-B5D0-4F3B-9C1F-C7B3CCF88D4B}.Debug|Any CPU.Build.0 = Debug|iPhoneSimulator
		{2F5E8483-B5D0-4F3B-9C1F-C7B3CCF88D4B}.Debug|iPhone.ActiveCfg = Debug|iPhone
		{2F5E8483-B5D0-4F3B-9C1F-C7B3CCF88D4B}.Debug|iPhone.Build.0 = Debug|iPhone
		{2F5E8483-B5D0-4F3B-9C1F-C7B3CCF88D4B}.Debug|iPhoneSimulator.ActiveCfg = Debug|iPhoneSimulator
		{2F5E8483-B5D0-4F3B-9C1F-C7B3CCF88D4B}.Debug|iPhoneSimulator.Build.0 = Debug|iPhoneSimulator
		{2F5E8483-B5D0-4F3B-9C1F-C7B3CCF88D4B}.Release|Any CPU.ActiveCfg = Release|iPhone
		{2F5E8483-B5D0-4F3B-9C1F-C7B3CCF88D4B}.Release|Any CPU.Build.0 = Release|iPhone
		{2F5E8483-B5D0-4F3B-9C1F-C7B3CCF88D4B}.Release|iPhone.ActiveCfg = Release|iPhone
		{2F5E8483-B5D0-4F3B-9C1F-C7B3CCF88D4B}.Release|iPhone.Build.0 = Release|iPhone
		{2F5E8483-B5D0-4F3B-9C1F-C7B3CCF88D4B}.Release|iPhoneSimulator.ActiveCfg = Release|iPhoneSimulator
		{2F5E8483-B5D0-4F3B-9C1F-C7B3CCF88D4B}.Release|iPhoneSimulator.Build.0 = Release|iPhoneSimulator
		{9ECDE5C5-FFD6-495F-9DBE-3FCD773152F1}.Debug|Any CPU.ActiveCfg = Debug|Any CPU
		{9ECDE5C5-FFD6-495F-9DBE-3FCD773152F1}.Debug|Any CPU.Build.0 = Debug|Any CPU
		{9ECDE5C5-FFD6-495F-9DBE-3FCD773152F1}.Debug|iPhone.ActiveCfg = Debug|Any CPU
		{9ECDE5C5-FFD6-495F-9DBE-3FCD773152F1}.Debug|iPhone.Build.0 = Debug|Any CPU
		{9ECDE5C5-FFD6-495F-9DBE-3FCD773152F1}.Debug|iPhoneSimulator.ActiveCfg = Debug|Any CPU
		{9ECDE5C5-FFD6-495F-9DBE-3FCD773152F1}.Debug|iPhoneSimulator.Build.0 = Debug|Any CPU
		{9ECDE5C5-FFD6-495F-9DBE-3FCD773152F1}.Release|Any CPU.ActiveCfg = Release|Any CPU
		{9ECDE5C5-FFD6-495F-9DBE-3FCD773152F1}.Release|Any CPU.Build.0 = Release|Any CPU
		{9ECDE5C5-FFD6-495F-9DBE-3FCD773152F1}.Release|iPhone.ActiveCfg = Release|Any CPU
		{9ECDE5C5-FFD6-495F-9DBE-3FCD773152F1}.Release|iPhone.Build.0 = Release|Any CPU
		{9ECDE5C5-FFD6-495F-9DBE-3FCD773152F1}.Release|iPhoneSimulator.ActiveCfg = Release|Any CPU
		{9ECDE5C5-FFD6-495F-9DBE-3FCD773152F1}.Release|iPhoneSimulator.Build.0 = Release|Any CPU
	EndGlobalSection
EndGlobal
