
Microsoft Visual Studio Solution File, Format Version 11.00
# Visual Studio 2010
Project("{FAE04EC0-301F-11D3-BF4B-00C04F79EFBC}") = "TransparentRegionInView", "TransparentRegionInView\TransparentRegionInView.csproj", "{45195CA5-C866-40AC-B2F8-A42726FE263E}"
EndProject
Global
	GlobalSection(SolutionConfigurationPlatforms) = preSolution
		Debug|iPhoneSimulator = Debug|iPhoneSimulator
		Release|iPhoneSimulator = Release|iPhoneSimulator
		Debug|iPhone = Debug|iPhone
		Release|iPhone = Release|iPhone
		Ad-Hoc|iPhone = Ad-Hoc|iPhone
		AppStore|iPhone = AppStore|iPhone
	EndGlobalSection
	GlobalSection(ProjectConfigurationPlatforms) = postSolution
		{45195CA5-C866-40AC-B2F8-A42726FE263E}.Ad-Hoc|iPhone.ActiveCfg = Ad-Hoc|iPhone
		{45195CA5-C866-40AC-B2F8-A42726FE263E}.Ad-Hoc|iPhone.Build.0 = Ad-Hoc|iPhone
		{45195CA5-C866-40AC-B2F8-A42726FE263E}.AppStore|iPhone.ActiveCfg = AppStore|iPhone
		{45195CA5-C866-40AC-B2F8-A42726FE263E}.AppStore|iPhone.Build.0 = AppStore|iPhone
		{45195CA5-C866-40AC-B2F8-A42726FE263E}.Debug|iPhone.ActiveCfg = Debug|iPhone
		{45195CA5-C866-40AC-B2F8-A42726FE263E}.Debug|iPhone.Build.0 = Debug|iPhone
		{45195CA5-C866-40AC-B2F8-A42726FE263E}.Debug|iPhoneSimulator.ActiveCfg = Debug|iPhoneSimulator
		{45195CA5-C866-40AC-B2F8-A42726FE263E}.Debug|iPhoneSimulator.Build.0 = Debug|iPhoneSimulator
		{45195CA5-C866-40AC-B2F8-A42726FE263E}.Release|iPhone.ActiveCfg = Release|iPhone
		{45195CA5-C866-40AC-B2F8-A42726FE263E}.Release|iPhone.Build.0 = Release|iPhone
		{45195CA5-C866-40AC-B2F8-A42726FE263E}.Release|iPhoneSimulator.ActiveCfg = Release|iPhoneSimulator
		{45195CA5-C866-40AC-B2F8-A42726FE263E}.Release|iPhoneSimulator.Build.0 = Release|iPhoneSimulator
	EndGlobalSection
	GlobalSection(MonoDevelopProperties) = preSolution
		StartupItem = TransparentRegionInView\TransparentRegionInView.csproj
	EndGlobalSection
EndGlobal
