
Microsoft Visual Studio Solution File, Format Version 11.00
# Visual Studio 2010
Project("{FAE04EC0-301F-11D3-BF4B-00C04F79EFBC}") = "DismissKeyboard", "DismissKeyboard\DismissKeyboard.csproj", "{7D9AE32B-694F-4FEC-BC92-7AD0126C5856}"
EndProject
Global
	GlobalSection(SolutionConfigurationPlatforms) = preSolution
		Debug|iPhoneSimulator = Debug|iPhoneSimulator
		Release|iPhoneSimulator = Release|iPhoneSimulator
		Debug|iPhone = Debug|iPhone
		Release|iPhone = Release|iPhone
		Ad-Hoc|iPhone = Ad-Hoc|iPhone
		AppStore|iPhone = AppStore|iPhone
	EndGlobalSection
	GlobalSection(ProjectConfigurationPlatforms) = postSolution
		{7D9AE32B-694F-4FEC-BC92-7AD0126C5856}.Ad-Hoc|iPhone.ActiveCfg = Ad-Hoc|iPhone
		{7D9AE32B-694F-4FEC-BC92-7AD0126C5856}.Ad-Hoc|iPhone.Build.0 = Ad-Hoc|iPhone
		{7D9AE32B-694F-4FEC-BC92-7AD0126C5856}.AppStore|iPhone.ActiveCfg = AppStore|iPhone
		{7D9AE32B-694F-4FEC-BC92-7AD0126C5856}.AppStore|iPhone.Build.0 = AppStore|iPhone
		{7D9AE32B-694F-4FEC-BC92-7AD0126C5856}.Debug|iPhone.ActiveCfg = Debug|iPhone
		{7D9AE32B-694F-4FEC-BC92-7AD0126C5856}.Debug|iPhone.Build.0 = Debug|iPhone
		{7D9AE32B-694F-4FEC-BC92-7AD0126C5856}.Debug|iPhoneSimulator.ActiveCfg = Debug|iPhoneSimulator
		{7D9AE32B-694F-4FEC-BC92-7AD0126C5856}.Debug|iPhoneSimulator.Build.0 = Debug|iPhoneSimulator
		{7D9AE32B-694F-4FEC-BC92-7AD0126C5856}.Release|iPhone.ActiveCfg = Release|iPhone
		{7D9AE32B-694F-4FEC-BC92-7AD0126C5856}.Release|iPhone.Build.0 = Release|iPhone
		{7D9AE32B-694F-4FEC-BC92-7AD0126C5856}.Release|iPhoneSimulator.ActiveCfg = Release|iPhoneSimulator
		{7D9AE32B-694F-4FEC-BC92-7AD0126C5856}.Release|iPhoneSimulator.Build.0 = Release|iPhoneSimulator
	EndGlobalSection
	GlobalSection(MonoDevelopProperties) = preSolution
		StartupItem = DismissKeyboard\DismissKeyboard.csproj
	EndGlobalSection
EndGlobal
