
Microsoft Visual Studio Solution File, Format Version 12.00
# Visual Studio 2012
Project("{FAE04EC0-301F-11D3-BF4B-00C04F79EFBC}") = "StoreCredentials", "StoreCredentials\StoreCredentials.csproj", "{39F7BCA7-D6B2-40D6-863A-9C712421A297}"
EndProject
Project("{FAE04EC0-301F-11D3-BF4B-00C04F79EFBC}") = "StoreCredentials.iOS", "iOS\StoreCredentials.iOS.csproj", "{0366472A-80F1-41ED-BD2C-8F3A3D0E7662}"
EndProject
Project("{FAE04EC0-301F-11D3-BF4B-00C04F79EFBC}") = "StoreCredentials.Droid", "Droid\StoreCredentials.Droid.csproj", "{34025984-011D-4FB1-B406-A7286304BABF}"
EndProject
Global
	GlobalSection(SolutionConfigurationPlatforms) = preSolution
		Debug|Any CPU = Debug|Any CPU
		Release|Any CPU = Release|Any CPU
		Debug|iPhoneSimulator = Debug|iPhoneSimulator
		Release|iPhone = Release|iPhone
		Release|iPhoneSimulator = Release|iPhoneSimulator
		Debug|iPhone = Debug|iPhone
	EndGlobalSection
	GlobalSection(ProjectConfigurationPlatforms) = postSolution
		{0366472A-80F1-41ED-BD2C-8F3A3D0E7662}.Debug|Any CPU.ActiveCfg = Debug|iPhoneSimulator
		{0366472A-80F1-41ED-BD2C-8F3A3D0E7662}.Debug|Any CPU.Build.0 = Debug|iPhoneSimulator
		{0366472A-80F1-41ED-BD2C-8F3A3D0E7662}.Debug|iPhone.ActiveCfg = Debug|iPhone
		{0366472A-80F1-41ED-BD2C-8F3A3D0E7662}.Debug|iPhone.Build.0 = Debug|iPhone
		{0366472A-80F1-41ED-BD2C-8F3A3D0E7662}.Debug|iPhoneSimulator.ActiveCfg = Debug|iPhoneSimulator
		{0366472A-80F1-41ED-BD2C-8F3A3D0E7662}.Debug|iPhoneSimulator.Build.0 = Debug|iPhoneSimulator
		{0366472A-80F1-41ED-BD2C-8F3A3D0E7662}.Release|Any CPU.ActiveCfg = Release|iPhone
		{0366472A-80F1-41ED-BD2C-8F3A3D0E7662}.Release|Any CPU.Build.0 = Release|iPhone
		{0366472A-80F1-41ED-BD2C-8F3A3D0E7662}.Release|iPhone.ActiveCfg = Release|iPhone
		{0366472A-80F1-41ED-BD2C-8F3A3D0E7662}.Release|iPhone.Build.0 = Release|iPhone
		{0366472A-80F1-41ED-BD2C-8F3A3D0E7662}.Release|iPhoneSimulator.ActiveCfg = Release|iPhoneSimulator
		{0366472A-80F1-41ED-BD2C-8F3A3D0E7662}.Release|iPhoneSimulator.Build.0 = Release|iPhoneSimulator
		{34025984-011D-4FB1-B406-A7286304BABF}.Debug|Any CPU.ActiveCfg = Debug|Any CPU
		{34025984-011D-4FB1-B406-A7286304BABF}.Debug|Any CPU.Build.0 = Debug|Any CPU
		{34025984-011D-4FB1-B406-A7286304BABF}.Debug|iPhone.ActiveCfg = Debug|Any CPU
		{34025984-011D-4FB1-B406-A7286304BABF}.Debug|iPhone.Build.0 = Debug|Any CPU
		{34025984-011D-4FB1-B406-A7286304BABF}.Debug|iPhoneSimulator.ActiveCfg = Debug|Any CPU
		{34025984-011D-4FB1-B406-A7286304BABF}.Debug|iPhoneSimulator.Build.0 = Debug|Any CPU
		{34025984-011D-4FB1-B406-A7286304BABF}.Release|Any CPU.ActiveCfg = Release|Any CPU
		{34025984-011D-4FB1-B406-A7286304BABF}.Release|Any CPU.Build.0 = Release|Any CPU
		{34025984-011D-4FB1-B406-A7286304BABF}.Release|iPhone.ActiveCfg = Release|Any CPU
		{34025984-011D-4FB1-B406-A7286304BABF}.Release|iPhone.Build.0 = Release|Any CPU
		{34025984-011D-4FB1-B406-A7286304BABF}.Release|iPhoneSimulator.ActiveCfg = Release|Any CPU
		{34025984-011D-4FB1-B406-A7286304BABF}.Release|iPhoneSimulator.Build.0 = Release|Any CPU
		{39F7BCA7-D6B2-40D6-863A-9C712421A297}.Debug|Any CPU.ActiveCfg = Debug|Any CPU
		{39F7BCA7-D6B2-40D6-863A-9C712421A297}.Debug|Any CPU.Build.0 = Debug|Any CPU
		{39F7BCA7-D6B2-40D6-863A-9C712421A297}.Debug|iPhone.ActiveCfg = Debug|Any CPU
		{39F7BCA7-D6B2-40D6-863A-9C712421A297}.Debug|iPhone.Build.0 = Debug|Any CPU
		{39F7BCA7-D6B2-40D6-863A-9C712421A297}.Debug|iPhoneSimulator.ActiveCfg = Debug|Any CPU
		{39F7BCA7-D6B2-40D6-863A-9C712421A297}.Debug|iPhoneSimulator.Build.0 = Debug|Any CPU
		{39F7BCA7-D6B2-40D6-863A-9C712421A297}.Release|Any CPU.ActiveCfg = Release|Any CPU
		{39F7BCA7-D6B2-40D6-863A-9C712421A297}.Release|Any CPU.Build.0 = Release|Any CPU
		{39F7BCA7-D6B2-40D6-863A-9C712421A297}.Release|iPhone.ActiveCfg = Release|Any CPU
		{39F7BCA7-D6B2-40D6-863A-9C712421A297}.Release|iPhone.Build.0 = Release|Any CPU
		{39F7BCA7-D6B2-40D6-863A-9C712421A297}.Release|iPhoneSimulator.ActiveCfg = Release|Any CPU
		{39F7BCA7-D6B2-40D6-863A-9C712421A297}.Release|iPhoneSimulator.Build.0 = Release|Any CPU
	EndGlobalSection
EndGlobal
