
Microsoft Visual Studio Solution File, Format Version 12.00
# Visual Studio 2012
Project("{FAE04EC0-301F-11D3-BF4B-00C04F79EFBC}") = "animationGroupSample", "animationGroupSample\animationGroupSample.csproj", "{876B7F1B-DA78-4046-93F6-610FD9B7C5D0}"
EndProject
Global
	GlobalSection(SolutionConfigurationPlatforms) = preSolution
		Debug|iPhoneSimulator = Debug|iPhoneSimulator
		Release|iPhone = Release|iPhone
		Release|iPhoneSimulator = Release|iPhoneSimulator
		Debug|iPhone = Debug|iPhone
		Debug|Any CPU = Debug|Any CPU
		Release|Any CPU = Release|Any CPU
	EndGlobalSection
	GlobalSection(ProjectConfigurationPlatforms) = postSolution
		{876B7F1B-DA78-4046-93F6-610FD9B7C5D0}.Debug|Any CPU.ActiveCfg = Debug|iPhoneSimulator
		{876B7F1B-DA78-4046-93F6-610FD9B7C5D0}.Debug|Any CPU.Build.0 = Debug|iPhoneSimulator
		{876B7F1B-DA78-4046-93F6-610FD9B7C5D0}.Debug|iPhone.ActiveCfg = Debug|iPhone
		{876B7F1B-DA78-4046-93F6-610FD9B7C5D0}.Debug|iPhone.Build.0 = Debug|iPhone
		{876B7F1B-DA78-4046-93F6-610FD9B7C5D0}.Debug|iPhoneSimulator.ActiveCfg = Debug|iPhoneSimulator
		{876B7F1B-DA78-4046-93F6-610FD9B7C5D0}.Debug|iPhoneSimulator.Build.0 = Debug|iPhoneSimulator
		{876B7F1B-DA78-4046-93F6-610FD9B7C5D0}.Release|Any CPU.ActiveCfg = Release|iPhone
		{876B7F1B-DA78-4046-93F6-610FD9B7C5D0}.Release|Any CPU.Build.0 = Release|iPhone
		{876B7F1B-DA78-4046-93F6-610FD9B7C5D0}.Release|iPhone.ActiveCfg = Release|iPhone
		{876B7F1B-DA78-4046-93F6-610FD9B7C5D0}.Release|iPhone.Build.0 = Release|iPhone
		{876B7F1B-DA78-4046-93F6-610FD9B7C5D0}.Release|iPhoneSimulator.ActiveCfg = Release|iPhoneSimulator
		{876B7F1B-DA78-4046-93F6-610FD9B7C5D0}.Release|iPhoneSimulator.Build.0 = Release|iPhoneSimulator
	EndGlobalSection
EndGlobal
