
Microsoft Visual Studio Solution File, Format Version 11.00
# Visual Studio 2010
Project("{FAE04EC0-301F-11D3-BF4B-00C04F79EFBC}") = "SplitView2", "SplitView2.csproj", "{D0CC8E58-26BB-481F-81A5-5787766C445D}"
EndProject
Global
	GlobalSection(SolutionConfigurationPlatforms) = preSolution
		Debug|iPhoneSimulator = Debug|iPhoneSimulator
		Release|iPhoneSimulator = Release|iPhoneSimulator
		Debug|iPhone = Debug|iPhone
		Release|iPhone = Release|iPhone
	EndGlobalSection
	GlobalSection(ProjectConfigurationPlatforms) = postSolution
		{D0CC8E58-26BB-481F-81A5-5787766C445D}.Debug|iPhone.ActiveCfg = Debug|iPhone
		{D0CC8E58-26BB-481F-81A5-5787766C445D}.Debug|iPhone.Build.0 = Debug|iPhone
		{D0CC8E58-26BB-481F-81A5-5787766C445D}.Debug|iPhoneSimulator.ActiveCfg = Debug|iPhoneSimulator
		{D0CC8E58-26BB-481F-81A5-5787766C445D}.Debug|iPhoneSimulator.Build.0 = Debug|iPhoneSimulator
		{D0CC8E58-26BB-481F-81A5-5787766C445D}.Release|iPhone.ActiveCfg = Release|iPhone
		{D0CC8E58-26BB-481F-81A5-5787766C445D}.Release|iPhone.Build.0 = Release|iPhone
		{D0CC8E58-26BB-481F-81A5-5787766C445D}.Release|iPhoneSimulator.ActiveCfg = Release|iPhoneSimulator
		{D0CC8E58-26BB-481F-81A5-5787766C445D}.Release|iPhoneSimulator.Build.0 = Release|iPhoneSimulator
	EndGlobalSection
	GlobalSection(MonoDevelopProperties) = preSolution
		StartupItem = SplitView2.csproj
	EndGlobalSection
EndGlobal
