
Microsoft Visual Studio Solution File, Format Version 12.00
# Visual Studio 2012
Project("{FAE04EC0-301F-11D3-BF4B-00C04F79EFBC}") = "CreateDatabaseWithSQLite", "CreateDatabaseWithSQLite\CreateDatabaseWithSQLite.csproj", "{DF09DE0D-37A8-48AE-A7EB-EBD564F234F3}"
EndProject
Global
	GlobalSection(SolutionConfigurationPlatforms) = preSolution
		Debug|Any CPU = Debug|Any CPU
		Release|Any CPU = Release|Any CPU
	EndGlobalSection
	GlobalSection(ProjectConfigurationPlatforms) = postSolution
		{DF09DE0D-37A8-48AE-A7EB-EBD564F234F3}.Debug|Any CPU.ActiveCfg = Debug|Any CPU
		{DF09DE0D-37A8-48AE-A7EB-EBD564F234F3}.Debug|Any CPU.Build.0 = Debug|Any CPU
		{DF09DE0D-37A8-48AE-A7EB-EBD564F234F3}.Release|Any CPU.ActiveCfg = Release|Any CPU
		{DF09DE0D-37A8-48AE-A7EB-EBD564F234F3}.Release|Any CPU.Build.0 = Release|Any CPU
	EndGlobalSection
	GlobalSection(MonoDevelopProperties) = preSolution
		StartupItem = CreateDatabaseWithSQLite\CreateDatabaseWithSQLite.csproj
	EndGlobalSection
EndGlobal
