
Microsoft Visual Studio Solution File, Format Version 12.00
# Visual Studio 2012
Project("{FAE04EC0-301F-11D3-BF4B-00C04F79EFBC}") = "SeekBarExample", "SeekBarExample.csproj", "{F4A58ADC-581E-4566-ACD7-3A3EA55B6272}"
EndProject
Global
	GlobalSection(SolutionConfigurationPlatforms) = preSolution
		Debug|Any CPU = Debug|Any CPU
		Release|Any CPU = Release|Any CPU
	EndGlobalSection
	GlobalSection(ProjectConfigurationPlatforms) = postSolution
		{F4A58ADC-581E-4566-ACD7-3A3EA55B6272}.Debug|Any CPU.ActiveCfg = Debug|Any CPU
		{F4A58ADC-581E-4566-ACD7-3A3EA55B6272}.Debug|Any CPU.Build.0 = Debug|Any CPU
		{F4A58ADC-581E-4566-ACD7-3A3EA55B6272}.Release|Any CPU.ActiveCfg = Release|Any CPU
		{F4A58ADC-581E-4566-ACD7-3A3EA55B6272}.Release|Any CPU.Build.0 = Release|Any CPU
	EndGlobalSection
	GlobalSection(MonoDevelopProperties) = preSolution
		StartupItem = SeekBarExample.csproj
	EndGlobalSection
EndGlobal
