
Microsoft Visual Studio Solution File, Format Version 12.00
# Visual Studio 14
VisualStudioVersion = 14.0.24720.0
MinimumVisualStudioVersion = 10.0.40219.1
Project("{FAE04EC0-301F-11D3-BF4B-00C04F79EFBC}") = "Geocode", "Geocode\Geocode.csproj", "{8BAEFC6A-A8C9-4EA2-8003-A6155D3873C6}"
EndProject
Project("{FAE04EC0-301F-11D3-BF4B-00C04F79EFBC}") = "Geocode.iOS", "iOS\Geocode.iOS.csproj", "{712AEF7D-684A-43A0-A6D0-D07D92EB922A}"
EndProject
Project("{FAE04EC0-301F-11D3-BF4B-00C04F79EFBC}") = "Geocode.Droid", "Droid\Geocode.Droid.csproj", "{3A476B2D-F100-4E23-B2B4-E8F68527AAD4}"
EndProject
Project("{FAE04EC0-301F-11D3-BF4B-00C04F79EFBC}") = "Geocode.UWP", "UWP\Geocode.UWP.csproj", "{D05F3AF1-8569-4367-AC8D-8C90F79080EA}"
EndProject
Global
	GlobalSection(SolutionConfigurationPlatforms) = preSolution
		Debug|Any CPU = Debug|Any CPU
		Debug|ARM = Debug|ARM
		Debug|iPhone = Debug|iPhone
		Debug|iPhoneSimulator = Debug|iPhoneSimulator
		Debug|x64 = Debug|x64
		Debug|x86 = Debug|x86
		Release|Any CPU = Release|Any CPU
		Release|ARM = Release|ARM
		Release|iPhone = Release|iPhone
		Release|iPhoneSimulator = Release|iPhoneSimulator
		Release|x64 = Release|x64
		Release|x86 = Release|x86
	EndGlobalSection
	GlobalSection(ProjectConfigurationPlatforms) = postSolution
		{8BAEFC6A-A8C9-4EA2-8003-A6155D3873C6}.Debug|Any CPU.ActiveCfg = Debug|Any CPU
		{8BAEFC6A-A8C9-4EA2-8003-A6155D3873C6}.Debug|Any CPU.Build.0 = Debug|Any CPU
		{8BAEFC6A-A8C9-4EA2-8003-A6155D3873C6}.Debug|ARM.ActiveCfg = Debug|Any CPU
		{8BAEFC6A-A8C9-4EA2-8003-A6155D3873C6}.Debug|ARM.Build.0 = Debug|Any CPU
		{8BAEFC6A-A8C9-4EA2-8003-A6155D3873C6}.Debug|iPhone.ActiveCfg = Debug|Any CPU
		{8BAEFC6A-A8C9-4EA2-8003-A6155D3873C6}.Debug|iPhone.Build.0 = Debug|Any CPU
		{8BAEFC6A-A8C9-4EA2-8003-A6155D3873C6}.Debug|iPhoneSimulator.ActiveCfg = Debug|Any CPU
		{8BAEFC6A-A8C9-4EA2-8003-A6155D3873C6}.Debug|iPhoneSimulator.Build.0 = Debug|Any CPU
		{8BAEFC6A-A8C9-4EA2-8003-A6155D3873C6}.Debug|x64.ActiveCfg = Debug|Any CPU
		{8BAEFC6A-A8C9-4EA2-8003-A6155D3873C6}.Debug|x64.Build.0 = Debug|Any CPU
		{8BAEFC6A-A8C9-4EA2-8003-A6155D3873C6}.Debug|x86.ActiveCfg = Debug|Any CPU
		{8BAEFC6A-A8C9-4EA2-8003-A6155D3873C6}.Debug|x86.Build.0 = Debug|Any CPU
		{8BAEFC6A-A8C9-4EA2-8003-A6155D3873C6}.Release|Any CPU.ActiveCfg = Release|Any CPU
		{8BAEFC6A-A8C9-4EA2-8003-A6155D3873C6}.Release|Any CPU.Build.0 = Release|Any CPU
		{8BAEFC6A-A8C9-4EA2-8003-A6155D3873C6}.Release|ARM.ActiveCfg = Release|Any CPU
		{8BAEFC6A-A8C9-4EA2-8003-A6155D3873C6}.Release|ARM.Build.0 = Release|Any CPU
		{8BAEFC6A-A8C9-4EA2-8003-A6155D3873C6}.Release|iPhone.ActiveCfg = Release|Any CPU
		{8BAEFC6A-A8C9-4EA2-8003-A6155D3873C6}.Release|iPhone.Build.0 = Release|Any CPU
		{8BAEFC6A-A8C9-4EA2-8003-A6155D3873C6}.Release|iPhoneSimulator.ActiveCfg = Release|Any CPU
		{8BAEFC6A-A8C9-4EA2-8003-A6155D3873C6}.Release|iPhoneSimulator.Build.0 = Release|Any CPU
		{8BAEFC6A-A8C9-4EA2-8003-A6155D3873C6}.Release|x64.ActiveCfg = Release|Any CPU
		{8BAEFC6A-A8C9-4EA2-8003-A6155D3873C6}.Release|x64.Build.0 = Release|Any CPU
		{8BAEFC6A-A8C9-4EA2-8003-A6155D3873C6}.Release|x86.ActiveCfg = Release|Any CPU
		{8BAEFC6A-A8C9-4EA2-8003-A6155D3873C6}.Release|x86.Build.0 = Release|Any CPU
		{712AEF7D-684A-43A0-A6D0-D07D92EB922A}.Debug|Any CPU.ActiveCfg = Debug|iPhoneSimulator
		{712AEF7D-684A-43A0-A6D0-D07D92EB922A}.Debug|Any CPU.Build.0 = Debug|iPhoneSimulator
		{712AEF7D-684A-43A0-A6D0-D07D92EB922A}.Debug|ARM.ActiveCfg = Debug|iPhone
		{712AEF7D-684A-43A0-A6D0-D07D92EB922A}.Debug|iPhone.ActiveCfg = Debug|iPhone
		{712AEF7D-684A-43A0-A6D0-D07D92EB922A}.Debug|iPhone.Build.0 = Debug|iPhone
		{712AEF7D-684A-43A0-A6D0-D07D92EB922A}.Debug|iPhoneSimulator.ActiveCfg = Debug|iPhoneSimulator
		{712AEF7D-684A-43A0-A6D0-D07D92EB922A}.Debug|iPhoneSimulator.Build.0 = Debug|iPhoneSimulator
		{712AEF7D-684A-43A0-A6D0-D07D92EB922A}.Debug|x64.ActiveCfg = Debug|iPhone
		{712AEF7D-684A-43A0-A6D0-D07D92EB922A}.Debug|x86.ActiveCfg = Debug|iPhone
		{712AEF7D-684A-43A0-A6D0-D07D92EB922A}.Release|Any CPU.ActiveCfg = Release|iPhone
		{712AEF7D-684A-43A0-A6D0-D07D92EB922A}.Release|Any CPU.Build.0 = Release|iPhone
		{712AEF7D-684A-43A0-A6D0-D07D92EB922A}.Release|ARM.ActiveCfg = Release|iPhoneSimulator
		{712AEF7D-684A-43A0-A6D0-D07D92EB922A}.Release|iPhone.ActiveCfg = Release|iPhone
		{712AEF7D-684A-43A0-A6D0-D07D92EB922A}.Release|iPhone.Build.0 = Release|iPhone
		{712AEF7D-684A-43A0-A6D0-D07D92EB922A}.Release|iPhoneSimulator.ActiveCfg = Release|iPhoneSimulator
		{712AEF7D-684A-43A0-A6D0-D07D92EB922A}.Release|iPhoneSimulator.Build.0 = Release|iPhoneSimulator
		{712AEF7D-684A-43A0-A6D0-D07D92EB922A}.Release|x64.ActiveCfg = Release|iPhoneSimulator
		{712AEF7D-684A-43A0-A6D0-D07D92EB922A}.Release|x86.ActiveCfg = Release|iPhoneSimulator
		{3A476B2D-F100-4E23-B2B4-E8F68527AAD4}.Debug|Any CPU.ActiveCfg = Debug|Any CPU
		{3A476B2D-F100-4E23-B2B4-E8F68527AAD4}.Debug|Any CPU.Build.0 = Debug|Any CPU
		{3A476B2D-F100-4E23-B2B4-E8F68527AAD4}.Debug|Any CPU.Deploy.0 = Debug|Any CPU
		{3A476B2D-F100-4E23-B2B4-E8F68527AAD4}.Debug|ARM.ActiveCfg = Debug|Any CPU
		{3A476B2D-F100-4E23-B2B4-E8F68527AAD4}.Debug|ARM.Build.0 = Debug|Any CPU
		{3A476B2D-F100-4E23-B2B4-E8F68527AAD4}.Debug|ARM.Deploy.0 = Debug|Any CPU
		{3A476B2D-F100-4E23-B2B4-E8F68527AAD4}.Debug|iPhone.ActiveCfg = Debug|Any CPU
		{3A476B2D-F100-4E23-B2B4-E8F68527AAD4}.Debug|iPhone.Build.0 = Debug|Any CPU
		{3A476B2D-F100-4E23-B2B4-E8F68527AAD4}.Debug|iPhoneSimulator.ActiveCfg = Debug|Any CPU
		{3A476B2D-F100-4E23-B2B4-E8F68527AAD4}.Debug|iPhoneSimulator.Build.0 = Debug|Any CPU
		{3A476B2D-F100-4E23-B2B4-E8F68527AAD4}.Debug|x64.ActiveCfg = Debug|Any CPU
		{3A476B2D-F100-4E23-B2B4-E8F68527AAD4}.Debug|x64.Build.0 = Debug|Any CPU
		{3A476B2D-F100-4E23-B2B4-E8F68527AAD4}.Debug|x64.Deploy.0 = Debug|Any CPU
		{3A476B2D-F100-4E23-B2B4-E8F68527AAD4}.Debug|x86.ActiveCfg = Debug|Any CPU
		{3A476B2D-F100-4E23-B2B4-E8F68527AAD4}.Debug|x86.Build.0 = Debug|Any CPU
		{3A476B2D-F100-4E23-B2B4-E8F68527AAD4}.Debug|x86.Deploy.0 = Debug|Any CPU
		{3A476B2D-F100-4E23-B2B4-E8F68527AAD4}.Release|Any CPU.ActiveCfg = Release|Any CPU
		{3A476B2D-F100-4E23-B2B4-E8F68527AAD4}.Release|Any CPU.Build.0 = Release|Any CPU
		{3A476B2D-F100-4E23-B2B4-E8F68527AAD4}.Release|ARM.ActiveCfg = Release|Any CPU
		{3A476B2D-F100-4E23-B2B4-E8F68527AAD4}.Release|ARM.Build.0 = Release|Any CPU
		{3A476B2D-F100-4E23-B2B4-E8F68527AAD4}.Release|ARM.Deploy.0 = Release|Any CPU
		{3A476B2D-F100-4E23-B2B4-E8F68527AAD4}.Release|iPhone.ActiveCfg = Release|Any CPU
		{3A476B2D-F100-4E23-B2B4-E8F68527AAD4}.Release|iPhone.Build.0 = Release|Any CPU
		{3A476B2D-F100-4E23-B2B4-E8F68527AAD4}.Release|iPhoneSimulator.ActiveCfg = Release|Any CPU
		{3A476B2D-F100-4E23-B2B4-E8F68527AAD4}.Release|iPhoneSimulator.Build.0 = Release|Any CPU
		{3A476B2D-F100-4E23-B2B4-E8F68527AAD4}.Release|x64.ActiveCfg = Release|Any CPU
		{3A476B2D-F100-4E23-B2B4-E8F68527AAD4}.Release|x64.Build.0 = Release|Any CPU
		{3A476B2D-F100-4E23-B2B4-E8F68527AAD4}.Release|x64.Deploy.0 = Release|Any CPU
		{3A476B2D-F100-4E23-B2B4-E8F68527AAD4}.Release|x86.ActiveCfg = Release|Any CPU
		{3A476B2D-F100-4E23-B2B4-E8F68527AAD4}.Release|x86.Build.0 = Release|Any CPU
		{3A476B2D-F100-4E23-B2B4-E8F68527AAD4}.Release|x86.Deploy.0 = Release|Any CPU
		{D05F3AF1-8569-4367-AC8D-8C90F79080EA}.Debug|Any CPU.ActiveCfg = Debug|x86
		{D05F3AF1-8569-4367-AC8D-8C90F79080EA}.Debug|Any CPU.Build.0 = Debug|x86
		{D05F3AF1-8569-4367-AC8D-8C90F79080EA}.Debug|Any CPU.Deploy.0 = Debug|x86
		{D05F3AF1-8569-4367-AC8D-8C90F79080EA}.Debug|ARM.ActiveCfg = Debug|ARM
		{D05F3AF1-8569-4367-AC8D-8C90F79080EA}.Debug|ARM.Build.0 = Debug|ARM
		{D05F3AF1-8569-4367-AC8D-8C90F79080EA}.Debug|ARM.Deploy.0 = Debug|ARM
		{D05F3AF1-8569-4367-AC8D-8C90F79080EA}.Debug|iPhone.ActiveCfg = Debug|x86
		{D05F3AF1-8569-4367-AC8D-8C90F79080EA}.Debug|iPhoneSimulator.ActiveCfg = Debug|x86
		{D05F3AF1-8569-4367-AC8D-8C90F79080EA}.Debug|x64.ActiveCfg = Debug|x64
		{D05F3AF1-8569-4367-AC8D-8C90F79080EA}.Debug|x64.Build.0 = Debug|x64
		{D05F3AF1-8569-4367-AC8D-8C90F79080EA}.Debug|x64.Deploy.0 = Debug|x64
		{D05F3AF1-8569-4367-AC8D-8C90F79080EA}.Debug|x86.ActiveCfg = Debug|x86
		{D05F3AF1-8569-4367-AC8D-8C90F79080EA}.Debug|x86.Build.0 = Debug|x86
		{D05F3AF1-8569-4367-AC8D-8C90F79080EA}.Debug|x86.Deploy.0 = Debug|x86
		{D05F3AF1-8569-4367-AC8D-8C90F79080EA}.Release|Any CPU.ActiveCfg = Release|x86
		{D05F3AF1-8569-4367-AC8D-8C90F79080EA}.Release|ARM.ActiveCfg = Release|ARM
		{D05F3AF1-8569-4367-AC8D-8C90F79080EA}.Release|ARM.Build.0 = Release|ARM
		{D05F3AF1-8569-4367-AC8D-8C90F79080EA}.Release|ARM.Deploy.0 = Release|ARM
		{D05F3AF1-8569-4367-AC8D-8C90F79080EA}.Release|iPhone.ActiveCfg = Release|x86
		{D05F3AF1-8569-4367-AC8D-8C90F79080EA}.Release|iPhoneSimulator.ActiveCfg = Release|x86
		{D05F3AF1-8569-4367-AC8D-8C90F79080EA}.Release|x64.ActiveCfg = Release|x64
		{D05F3AF1-8569-4367-AC8D-8C90F79080EA}.Release|x64.Build.0 = Release|x64
		{D05F3AF1-8569-4367-AC8D-8C90F79080EA}.Release|x64.Deploy.0 = Release|x64
		{D05F3AF1-8569-4367-AC8D-8C90F79080EA}.Release|x86.ActiveCfg = Release|x86
		{D05F3AF1-8569-4367-AC8D-8C90F79080EA}.Release|x86.Build.0 = Release|x86
		{D05F3AF1-8569-4367-AC8D-8C90F79080EA}.Release|x86.Deploy.0 = Release|x86
	EndGlobalSection
	GlobalSection(SolutionProperties) = preSolution
		HideSolutionNode = FALSE
	EndGlobalSection
EndGlobal
