
Microsoft Visual Studio Solution File, Format Version 12.00
# Visual Studio 2012
Project("{FAE04EC0-301F-11D3-BF4B-00C04F79EFBC}") = "CustomCompoundView", "CustomCompoundView\CustomCompoundView.csproj", "{F4228B0F-C39A-4B91-8CDE-5857C8EDA59D}"
EndProject
Global
	GlobalSection(SolutionConfigurationPlatforms) = preSolution
		Debug|Any CPU = Debug|Any CPU
		Release|Any CPU = Release|Any CPU
	EndGlobalSection
	GlobalSection(ProjectConfigurationPlatforms) = postSolution
		{F4228B0F-C39A-4B91-8CDE-5857C8EDA59D}.Debug|Any CPU.ActiveCfg = Debug|Any CPU
		{F4228B0F-C39A-4B91-8CDE-5857C8EDA59D}.Debug|Any CPU.Build.0 = Debug|Any CPU
		{F4228B0F-C39A-4B91-8CDE-5857C8EDA59D}.Release|Any CPU.ActiveCfg = Release|Any CPU
		{F4228B0F-C39A-4B91-8CDE-5857C8EDA59D}.Release|Any CPU.Build.0 = Release|Any CPU
	EndGlobalSection
EndGlobal
