
Microsoft Visual Studio Solution File, Format Version 12.00
# Visual Studio 2012
Project("{FAE04EC0-301F-11D3-BF4B-00C04F79EFBC}") = "TapGesture", "TapGesture\TapGesture.csproj", "{B352791F-8AE5-4EA1-8484-2127E9BEA9D3}"
EndProject
Global
	GlobalSection(SolutionConfigurationPlatforms) = preSolution
		Debug|iPhoneSimulator = Debug|iPhoneSimulator
		Release|iPhoneSimulator = Release|iPhoneSimulator
		Debug|iPhone = Debug|iPhone
		Release|iPhone = Release|iPhone
		Ad-Hoc|iPhone = Ad-Hoc|iPhone
		AppStore|iPhone = AppStore|iPhone
	EndGlobalSection
	GlobalSection(ProjectConfigurationPlatforms) = postSolution
		{B352791F-8AE5-4EA1-8484-2127E9BEA9D3}.Ad-Hoc|iPhone.ActiveCfg = Ad-Hoc|iPhone
		{B352791F-8AE5-4EA1-8484-2127E9BEA9D3}.Ad-Hoc|iPhone.Build.0 = Ad-Hoc|iPhone
		{B352791F-8AE5-4EA1-8484-2127E9BEA9D3}.AppStore|iPhone.ActiveCfg = AppStore|iPhone
		{B352791F-8AE5-4EA1-8484-2127E9BEA9D3}.AppStore|iPhone.Build.0 = AppStore|iPhone
		{B352791F-8AE5-4EA1-8484-2127E9BEA9D3}.Debug|iPhone.ActiveCfg = Debug|iPhone
		{B352791F-8AE5-4EA1-8484-2127E9BEA9D3}.Debug|iPhone.Build.0 = Debug|iPhone
		{B352791F-8AE5-4EA1-8484-2127E9BEA9D3}.Debug|iPhoneSimulator.ActiveCfg = Debug|iPhoneSimulator
		{B352791F-8AE5-4EA1-8484-2127E9BEA9D3}.Debug|iPhoneSimulator.Build.0 = Debug|iPhoneSimulator
		{B352791F-8AE5-4EA1-8484-2127E9BEA9D3}.Release|iPhone.ActiveCfg = Release|iPhone
		{B352791F-8AE5-4EA1-8484-2127E9BEA9D3}.Release|iPhone.Build.0 = Release|iPhone
		{B352791F-8AE5-4EA1-8484-2127E9BEA9D3}.Release|iPhoneSimulator.ActiveCfg = Release|iPhoneSimulator
		{B352791F-8AE5-4EA1-8484-2127E9BEA9D3}.Release|iPhoneSimulator.Build.0 = Release|iPhoneSimulator
	EndGlobalSection
	GlobalSection(MonoDevelopProperties) = preSolution
		StartupItem = TapGesture\TapGesture.csproj
	EndGlobalSection
EndGlobal
