
Microsoft Visual Studio Solution File, Format Version 11.00
# Visual Studio 2010
Project("{FAE04EC0-301F-11D3-BF4B-00C04F79EFBC}") = "LoadLocalContent", "LoadLocalContent.csproj", "{BDB9ADF1-1D22-43A8-8874-52365683D5E2}"
EndProject
Global
	GlobalSection(SolutionConfigurationPlatforms) = preSolution
		Debug|Any CPU = Debug|Any CPU
		Release|Any CPU = Release|Any CPU
	EndGlobalSection
	GlobalSection(ProjectConfigurationPlatforms) = postSolution
		{BDB9ADF1-1D22-43A8-8874-52365683D5E2}.Debug|Any CPU.ActiveCfg = Debug|Any CPU
		{BDB9ADF1-1D22-43A8-8874-52365683D5E2}.Debug|Any CPU.Build.0 = Debug|Any CPU
		{BDB9ADF1-1D22-43A8-8874-52365683D5E2}.Release|Any CPU.ActiveCfg = Release|Any CPU
		{BDB9ADF1-1D22-43A8-8874-52365683D5E2}.Release|Any CPU.Build.0 = Release|Any CPU
	EndGlobalSection
	GlobalSection(MonoDevelopProperties) = preSolution
		StartupItem = DisplayAnImage\DisplayAnImage.csproj
	EndGlobalSection
EndGlobal
