
Microsoft Visual Studio Solution File, Format Version 11.00
# Visual Studio 2010
Project("{FAE04EC0-301F-11D3-BF4B-00C04F79EFBC}") = "CreateAFragment", "CreateAFragment.csproj", "{004E60A9-5663-455F-8E4A-C319CFA6CEF5}"
EndProject
Global
	GlobalSection(SolutionConfigurationPlatforms) = preSolution
		Debug|Any CPU = Debug|Any CPU
		Release|Any CPU = Release|Any CPU
	EndGlobalSection
	GlobalSection(ProjectConfigurationPlatforms) = postSolution
		{004E60A9-5663-455F-8E4A-C319CFA6CEF5}.Debug|Any CPU.ActiveCfg = Debug|Any CPU
		{004E60A9-5663-455F-8E4A-C319CFA6CEF5}.Debug|Any CPU.Build.0 = Debug|Any CPU
		{004E60A9-5663-455F-8E4A-C319CFA6CEF5}.Debug|Any CPU.Deploy.0 = Debug|Any CPU
		{004E60A9-5663-455F-8E4A-C319CFA6CEF5}.Release|Any CPU.ActiveCfg = Release|Any CPU
		{004E60A9-5663-455F-8E4A-C319CFA6CEF5}.Release|Any CPU.Build.0 = Release|Any CPU
		{004E60A9-5663-455F-8E4A-C319CFA6CEF5}.Release|Any CPU.Deploy.0 = Release|Any CPU
	EndGlobalSection
	GlobalSection(SolutionProperties) = preSolution
		HideSolutionNode = FALSE
	EndGlobalSection
EndGlobal
